
Microsoft Visual Studio Solution File, Format Version 12.00
# Visual Studio Version 16
VisualStudioVersion = 16.0.31019.35
MinimumVisualStudioVersion = 10.0.40219.1
Project("{D954291E-2A0B-460D-934E-DC6B0785DB48}") = "FinancialGrid.Shared", "FinancialGrid\FinancialGrid.Shared\FinancialGrid.Shared.shproj", "{6279C845-92F8-4333-AB99-3D213163593C}"
EndProject
Project("{2150E333-8FDC-42A3-9474-1A3956D46DE8}") = "Platforms", "Platforms", "{9F010890-C8EA-4B2D-AA72-C9E18EDB6079}"
EndProject
Project("{FAE04EC0-301F-11D3-BF4B-00C04F79EFBC}") = "FinancialGrid.Droid", "FinancialGrid\FinancialGrid.Droid\FinancialGrid.Droid.csproj", "{C6429D1A-C490-4916-9930-04CC63BDAA03}"
EndProject
Project("{FAE04EC0-301F-11D3-BF4B-00C04F79EFBC}") = "FinancialGrid.iOS", "FinancialGrid\FinancialGrid.iOS\FinancialGrid.iOS.csproj", "{017BB6F1-E3E5-412D-B164-A48AE227114C}"
EndProject
Project("{FAE04EC0-301F-11D3-BF4B-00C04F79EFBC}") = "FinancialGrid.UWP", "FinancialGrid\FinancialGrid.UWP\FinancialGrid.UWP.csproj", "{8BC8A02A-45AE-4E68-B9B8-3D59A75B854F}"
EndProject
Global
	GlobalSection(SharedMSBuildProjectFiles) = preSolution
		FinancialGrid\FinancialGrid.Shared\FinancialGrid.Shared.projitems*{017bb6f1-e3e5-412d-b164-a48ae227114c}*SharedItemsImports = 4
		FinancialGrid\FinancialGrid.Shared\FinancialGrid.Shared.projitems*{6279c845-92f8-4333-ab99-3d213163593c}*SharedItemsImports = 13
		FinancialGrid\FinancialGrid.Shared\FinancialGrid.Shared.projitems*{8bc8a02a-45ae-4e68-b9b8-3d59a75b854f}*SharedItemsImports = 4
		FinancialGrid\FinancialGrid.Shared\FinancialGrid.Shared.projitems*{c6429d1a-c490-4916-9930-04cc63bdaa03}*SharedItemsImports = 4
	EndGlobalSection
	GlobalSection(SolutionConfigurationPlatforms) = preSolution
		Ad-Hoc|Any CPU = Ad-Hoc|Any CPU
		Ad-Hoc|ARM = Ad-Hoc|ARM
		Ad-Hoc|ARM64 = Ad-Hoc|ARM64
		Ad-Hoc|iPhone = Ad-Hoc|iPhone
		Ad-Hoc|iPhoneSimulator = Ad-Hoc|iPhoneSimulator
		Ad-Hoc|x64 = Ad-Hoc|x64
		Ad-Hoc|x86 = Ad-Hoc|x86
		AppStore|Any CPU = AppStore|Any CPU
		AppStore|ARM = AppStore|ARM
		AppStore|ARM64 = AppStore|ARM64
		AppStore|iPhone = AppStore|iPhone
		AppStore|iPhoneSimulator = AppStore|iPhoneSimulator
		AppStore|x64 = AppStore|x64
		AppStore|x86 = AppStore|x86
		Debug|Any CPU = Debug|Any CPU
		Debug|ARM = Debug|ARM
		Debug|ARM64 = Debug|ARM64
		Debug|iPhone = Debug|iPhone
		Debug|iPhoneSimulator = Debug|iPhoneSimulator
		Debug|x64 = Debug|x64
		Debug|x86 = Debug|x86
		Release|Any CPU = Release|Any CPU
		Release|ARM = Release|ARM
		Release|ARM64 = Release|ARM64
		Release|iPhone = Release|iPhone
		Release|iPhoneSimulator = Release|iPhoneSimulator
		Release|x64 = Release|x64
		Release|x86 = Release|x86
	EndGlobalSection
	GlobalSection(ProjectConfigurationPlatforms) = postSolution
		{C6429D1A-C490-4916-9930-04CC63BDAA03}.Ad-Hoc|Any CPU.ActiveCfg = Debug|Any CPU
		{C6429D1A-C490-4916-9930-04CC63BDAA03}.Ad-Hoc|Any CPU.Build.0 = Debug|Any CPU
		{C6429D1A-C490-4916-9930-04CC63BDAA03}.Ad-Hoc|Any CPU.Deploy.0 = Debug|Any CPU
		{C6429D1A-C490-4916-9930-04CC63BDAA03}.Ad-Hoc|ARM.ActiveCfg = Debug|Any CPU
		{C6429D1A-C490-4916-9930-04CC63BDAA03}.Ad-Hoc|ARM.Build.0 = Debug|Any CPU
		{C6429D1A-C490-4916-9930-04CC63BDAA03}.Ad-Hoc|ARM.Deploy.0 = Debug|Any CPU
		{C6429D1A-C490-4916-9930-04CC63BDAA03}.Ad-Hoc|ARM64.ActiveCfg = Debug|Any CPU
		{C6429D1A-C490-4916-9930-04CC63BDAA03}.Ad-Hoc|ARM64.Build.0 = Debug|Any CPU
		{C6429D1A-C490-4916-9930-04CC63BDAA03}.Ad-Hoc|ARM64.Deploy.0 = Debug|Any CPU
		{C6429D1A-C490-4916-9930-04CC63BDAA03}.Ad-Hoc|iPhone.ActiveCfg = Debug|Any CPU
		{C6429D1A-C490-4916-9930-04CC63BDAA03}.Ad-Hoc|iPhone.Build.0 = Debug|Any CPU
		{C6429D1A-C490-4916-9930-04CC63BDAA03}.Ad-Hoc|iPhone.Deploy.0 = Debug|Any CPU
		{C6429D1A-C490-4916-9930-04CC63BDAA03}.Ad-Hoc|iPhoneSimulator.ActiveCfg = Debug|Any CPU
		{C6429D1A-C490-4916-9930-04CC63BDAA03}.Ad-Hoc|iPhoneSimulator.Build.0 = Debug|Any CPU
		{C6429D1A-C490-4916-9930-04CC63BDAA03}.Ad-Hoc|iPhoneSimulator.Deploy.0 = Debug|Any CPU
		{C6429D1A-C490-4916-9930-04CC63BDAA03}.Ad-Hoc|x64.ActiveCfg = Debug|Any CPU
		{C6429D1A-C490-4916-9930-04CC63BDAA03}.Ad-Hoc|x64.Build.0 = Debug|Any CPU
		{C6429D1A-C490-4916-9930-04CC63BDAA03}.Ad-Hoc|x64.Deploy.0 = Debug|Any CPU
		{C6429D1A-C490-4916-9930-04CC63BDAA03}.Ad-Hoc|x86.ActiveCfg = Debug|Any CPU
		{C6429D1A-C490-4916-9930-04CC63BDAA03}.Ad-Hoc|x86.Build.0 = Debug|Any CPU
		{C6429D1A-C490-4916-9930-04CC63BDAA03}.Ad-Hoc|x86.Deploy.0 = Debug|Any CPU
		{C6429D1A-C490-4916-9930-04CC63BDAA03}.AppStore|Any CPU.ActiveCfg = Debug|Any CPU
		{C6429D1A-C490-4916-9930-04CC63BDAA03}.AppStore|Any CPU.Build.0 = Debug|Any CPU
		{C6429D1A-C490-4916-9930-04CC63BDAA03}.AppStore|Any CPU.Deploy.0 = Debug|Any CPU
		{C6429D1A-C490-4916-9930-04CC63BDAA03}.AppStore|ARM.ActiveCfg = Debug|Any CPU
		{C6429D1A-C490-4916-9930-04CC63BDAA03}.AppStore|ARM.Build.0 = Debug|Any CPU
		{C6429D1A-C490-4916-9930-04CC63BDAA03}.AppStore|ARM.Deploy.0 = Debug|Any CPU
		{C6429D1A-C490-4916-9930-04CC63BDAA03}.AppStore|ARM64.ActiveCfg = Debug|Any CPU
		{C6429D1A-C490-4916-9930-04CC63BDAA03}.AppStore|ARM64.Build.0 = Debug|Any CPU
		{C6429D1A-C490-4916-9930-04CC63BDAA03}.AppStore|ARM64.Deploy.0 = Debug|Any CPU
		{C6429D1A-C490-4916-9930-04CC63BDAA03}.AppStore|iPhone.ActiveCfg = Debug|Any CPU
		{C6429D1A-C490-4916-9930-04CC63BDAA03}.AppStore|iPhone.Build.0 = Debug|Any CPU
		{C6429D1A-C490-4916-9930-04CC63BDAA03}.AppStore|iPhone.Deploy.0 = Debug|Any CPU
		{C6429D1A-C490-4916-9930-04CC63BDAA03}.AppStore|iPhoneSimulator.ActiveCfg = Debug|Any CPU
		{C6429D1A-C490-4916-9930-04CC63BDAA03}.AppStore|iPhoneSimulator.Build.0 = Debug|Any CPU
		{C6429D1A-C490-4916-9930-04CC63BDAA03}.AppStore|iPhoneSimulator.Deploy.0 = Debug|Any CPU
		{C6429D1A-C490-4916-9930-04CC63BDAA03}.AppStore|x64.ActiveCfg = Debug|Any CPU
		{C6429D1A-C490-4916-9930-04CC63BDAA03}.AppStore|x64.Build.0 = Debug|Any CPU
		{C6429D1A-C490-4916-9930-04CC63BDAA03}.AppStore|x64.Deploy.0 = Debug|Any CPU
		{C6429D1A-C490-4916-9930-04CC63BDAA03}.AppStore|x86.ActiveCfg = Debug|Any CPU
		{C6429D1A-C490-4916-9930-04CC63BDAA03}.AppStore|x86.Build.0 = Debug|Any CPU
		{C6429D1A-C490-4916-9930-04CC63BDAA03}.AppStore|x86.Deploy.0 = Debug|Any CPU
		{C6429D1A-C490-4916-9930-04CC63BDAA03}.Debug|Any CPU.ActiveCfg = Debug|Any CPU
		{C6429D1A-C490-4916-9930-04CC63BDAA03}.Debug|Any CPU.Build.0 = Debug|Any CPU
		{C6429D1A-C490-4916-9930-04CC63BDAA03}.Debug|Any CPU.Deploy.0 = Debug|Any CPU
		{C6429D1A-C490-4916-9930-04CC63BDAA03}.Debug|ARM.ActiveCfg = Debug|Any CPU
		{C6429D1A-C490-4916-9930-04CC63BDAA03}.Debug|ARM.Build.0 = Debug|Any CPU
		{C6429D1A-C490-4916-9930-04CC63BDAA03}.Debug|ARM.Deploy.0 = Debug|Any CPU
		{C6429D1A-C490-4916-9930-04CC63BDAA03}.Debug|ARM64.ActiveCfg = Debug|Any CPU
		{C6429D1A-C490-4916-9930-04CC63BDAA03}.Debug|ARM64.Build.0 = Debug|Any CPU
		{C6429D1A-C490-4916-9930-04CC63BDAA03}.Debug|ARM64.Deploy.0 = Debug|Any CPU
		{C6429D1A-C490-4916-9930-04CC63BDAA03}.Debug|iPhone.ActiveCfg = Debug|Any CPU
		{C6429D1A-C490-4916-9930-04CC63BDAA03}.Debug|iPhone.Build.0 = Debug|Any CPU
		{C6429D1A-C490-4916-9930-04CC63BDAA03}.Debug|iPhone.Deploy.0 = Debug|Any CPU
		{C6429D1A-C490-4916-9930-04CC63BDAA03}.Debug|iPhoneSimulator.ActiveCfg = Debug|Any CPU
		{C6429D1A-C490-4916-9930-04CC63BDAA03}.Debug|iPhoneSimulator.Build.0 = Debug|Any CPU
		{C6429D1A-C490-4916-9930-04CC63BDAA03}.Debug|iPhoneSimulator.Deploy.0 = Debug|Any CPU
		{C6429D1A-C490-4916-9930-04CC63BDAA03}.Debug|x64.ActiveCfg = Debug|Any CPU
		{C6429D1A-C490-4916-9930-04CC63BDAA03}.Debug|x64.Build.0 = Debug|Any CPU
		{C6429D1A-C490-4916-9930-04CC63BDAA03}.Debug|x64.Deploy.0 = Debug|Any CPU
		{C6429D1A-C490-4916-9930-04CC63BDAA03}.Debug|x86.ActiveCfg = Debug|Any CPU
		{C6429D1A-C490-4916-9930-04CC63BDAA03}.Debug|x86.Build.0 = Debug|Any CPU
		{C6429D1A-C490-4916-9930-04CC63BDAA03}.Debug|x86.Deploy.0 = Debug|Any CPU
		{C6429D1A-C490-4916-9930-04CC63BDAA03}.Release|Any CPU.ActiveCfg = Release|Any CPU
		{C6429D1A-C490-4916-9930-04CC63BDAA03}.Release|Any CPU.Build.0 = Release|Any CPU
		{C6429D1A-C490-4916-9930-04CC63BDAA03}.Release|Any CPU.Deploy.0 = Release|Any CPU
		{C6429D1A-C490-4916-9930-04CC63BDAA03}.Release|ARM.ActiveCfg = Release|Any CPU
		{C6429D1A-C490-4916-9930-04CC63BDAA03}.Release|ARM.Build.0 = Release|Any CPU
		{C6429D1A-C490-4916-9930-04CC63BDAA03}.Release|ARM.Deploy.0 = Release|Any CPU
		{C6429D1A-C490-4916-9930-04CC63BDAA03}.Release|ARM64.ActiveCfg = Release|Any CPU
		{C6429D1A-C490-4916-9930-04CC63BDAA03}.Release|ARM64.Build.0 = Release|Any CPU
		{C6429D1A-C490-4916-9930-04CC63BDAA03}.Release|ARM64.Deploy.0 = Release|Any CPU
		{C6429D1A-C490-4916-9930-04CC63BDAA03}.Release|iPhone.ActiveCfg = Release|Any CPU
		{C6429D1A-C490-4916-9930-04CC63BDAA03}.Release|iPhone.Build.0 = Release|Any CPU
		{C6429D1A-C490-4916-9930-04CC63BDAA03}.Release|iPhone.Deploy.0 = Release|Any CPU
		{C6429D1A-C490-4916-9930-04CC63BDAA03}.Release|iPhoneSimulator.ActiveCfg = Release|Any CPU
		{C6429D1A-C490-4916-9930-04CC63BDAA03}.Release|iPhoneSimulator.Build.0 = Release|Any CPU
		{C6429D1A-C490-4916-9930-04CC63BDAA03}.Release|iPhoneSimulator.Deploy.0 = Release|Any CPU
		{C6429D1A-C490-4916-9930-04CC63BDAA03}.Release|x64.ActiveCfg = Release|Any CPU
		{C6429D1A-C490-4916-9930-04CC63BDAA03}.Release|x64.Build.0 = Release|Any CPU
		{C6429D1A-C490-4916-9930-04CC63BDAA03}.Release|x64.Deploy.0 = Release|Any CPU
		{C6429D1A-C490-4916-9930-04CC63BDAA03}.Release|x86.ActiveCfg = Release|Any CPU
		{C6429D1A-C490-4916-9930-04CC63BDAA03}.Release|x86.Build.0 = Release|Any CPU
		{C6429D1A-C490-4916-9930-04CC63BDAA03}.Release|x86.Deploy.0 = Release|Any CPU
		{017BB6F1-E3E5-412D-B164-A48AE227114C}.Ad-Hoc|Any CPU.ActiveCfg = Ad-Hoc|iPhoneSimulator
		{017BB6F1-E3E5-412D-B164-A48AE227114C}.Ad-Hoc|ARM.ActiveCfg = Ad-Hoc|iPhoneSimulator
		{017BB6F1-E3E5-412D-B164-A48AE227114C}.Ad-Hoc|ARM64.ActiveCfg = Ad-Hoc|iPhoneSimulator
		{017BB6F1-E3E5-412D-B164-A48AE227114C}.Ad-Hoc|iPhone.ActiveCfg = Ad-Hoc|iPhone
		{017BB6F1-E3E5-412D-B164-A48AE227114C}.Ad-Hoc|iPhone.Build.0 = Ad-Hoc|iPhone
		{017BB6F1-E3E5-412D-B164-A48AE227114C}.Ad-Hoc|iPhoneSimulator.ActiveCfg = Ad-Hoc|iPhoneSimulator
		{017BB6F1-E3E5-412D-B164-A48AE227114C}.Ad-Hoc|iPhoneSimulator.Build.0 = Ad-Hoc|iPhoneSimulator
		{017BB6F1-E3E5-412D-B164-A48AE227114C}.Ad-Hoc|x64.ActiveCfg = Ad-Hoc|iPhoneSimulator
		{017BB6F1-E3E5-412D-B164-A48AE227114C}.Ad-Hoc|x86.ActiveCfg = Ad-Hoc|iPhoneSimulator
		{017BB6F1-E3E5-412D-B164-A48AE227114C}.AppStore|Any CPU.ActiveCfg = AppStore|iPhoneSimulator
		{017BB6F1-E3E5-412D-B164-A48AE227114C}.AppStore|ARM.ActiveCfg = AppStore|iPhoneSimulator
		{017BB6F1-E3E5-412D-B164-A48AE227114C}.AppStore|ARM64.ActiveCfg = AppStore|iPhoneSimulator
		{017BB6F1-E3E5-412D-B164-A48AE227114C}.AppStore|iPhone.ActiveCfg = AppStore|iPhone
		{017BB6F1-E3E5-412D-B164-A48AE227114C}.AppStore|iPhone.Build.0 = AppStore|iPhone
		{017BB6F1-E3E5-412D-B164-A48AE227114C}.AppStore|iPhoneSimulator.ActiveCfg = AppStore|iPhoneSimulator
		{017BB6F1-E3E5-412D-B164-A48AE227114C}.AppStore|iPhoneSimulator.Build.0 = AppStore|iPhoneSimulator
		{017BB6F1-E3E5-412D-B164-A48AE227114C}.AppStore|x64.ActiveCfg = AppStore|iPhoneSimulator
		{017BB6F1-E3E5-412D-B164-A48AE227114C}.AppStore|x86.ActiveCfg = AppStore|iPhoneSimulator
		{017BB6F1-E3E5-412D-B164-A48AE227114C}.Debug|Any CPU.ActiveCfg = Debug|iPhoneSimulator
		{017BB6F1-E3E5-412D-B164-A48AE227114C}.Debug|ARM.ActiveCfg = Debug|iPhoneSimulator
		{017BB6F1-E3E5-412D-B164-A48AE227114C}.Debug|ARM64.ActiveCfg = Debug|iPhoneSimulator
		{017BB6F1-E3E5-412D-B164-A48AE227114C}.Debug|iPhone.ActiveCfg = Debug|iPhone
		{017BB6F1-E3E5-412D-B164-A48AE227114C}.Debug|iPhone.Build.0 = Debug|iPhone
		{017BB6F1-E3E5-412D-B164-A48AE227114C}.Debug|iPhoneSimulator.ActiveCfg = Debug|iPhoneSimulator
		{017BB6F1-E3E5-412D-B164-A48AE227114C}.Debug|iPhoneSimulator.Build.0 = Debug|iPhoneSimulator
		{017BB6F1-E3E5-412D-B164-A48AE227114C}.Debug|x64.ActiveCfg = Debug|iPhoneSimulator
		{017BB6F1-E3E5-412D-B164-A48AE227114C}.Debug|x86.ActiveCfg = Debug|iPhoneSimulator
		{017BB6F1-E3E5-412D-B164-A48AE227114C}.Release|Any CPU.ActiveCfg = Release|iPhoneSimulator
		{017BB6F1-E3E5-412D-B164-A48AE227114C}.Release|ARM.ActiveCfg = Release|iPhoneSimulator
		{017BB6F1-E3E5-412D-B164-A48AE227114C}.Release|ARM64.ActiveCfg = Release|iPhoneSimulator
		{017BB6F1-E3E5-412D-B164-A48AE227114C}.Release|iPhone.ActiveCfg = Release|iPhone
		{017BB6F1-E3E5-412D-B164-A48AE227114C}.Release|iPhone.Build.0 = Release|iPhone
		{017BB6F1-E3E5-412D-B164-A48AE227114C}.Release|iPhoneSimulator.ActiveCfg = Release|iPhoneSimulator
		{017BB6F1-E3E5-412D-B164-A48AE227114C}.Release|iPhoneSimulator.Build.0 = Release|iPhoneSimulator
		{017BB6F1-E3E5-412D-B164-A48AE227114C}.Release|x64.ActiveCfg = Release|iPhoneSimulator
		{017BB6F1-E3E5-412D-B164-A48AE227114C}.Release|x86.ActiveCfg = Release|iPhoneSimulator
		{8BC8A02A-45AE-4E68-B9B8-3D59A75B854F}.Ad-Hoc|Any CPU.ActiveCfg = Debug|x86
		{8BC8A02A-45AE-4E68-B9B8-3D59A75B854F}.Ad-Hoc|Any CPU.Build.0 = Debug|x86
		{8BC8A02A-45AE-4E68-B9B8-3D59A75B854F}.Ad-Hoc|Any CPU.Deploy.0 = Debug|x86
		{8BC8A02A-45AE-4E68-B9B8-3D59A75B854F}.Ad-Hoc|ARM.ActiveCfg = Debug|ARM
		{8BC8A02A-45AE-4E68-B9B8-3D59A75B854F}.Ad-Hoc|ARM.Build.0 = Debug|ARM
		{8BC8A02A-45AE-4E68-B9B8-3D59A75B854F}.Ad-Hoc|ARM.Deploy.0 = Debug|ARM
		{8BC8A02A-45AE-4E68-B9B8-3D59A75B854F}.Ad-Hoc|ARM64.ActiveCfg = Debug|ARM64
		{8BC8A02A-45AE-4E68-B9B8-3D59A75B854F}.Ad-Hoc|ARM64.Build.0 = Debug|ARM64
		{8BC8A02A-45AE-4E68-B9B8-3D59A75B854F}.Ad-Hoc|ARM64.Deploy.0 = Debug|ARM64
		{8BC8A02A-45AE-4E68-B9B8-3D59A75B854F}.Ad-Hoc|iPhone.ActiveCfg = Debug|x86
		{8BC8A02A-45AE-4E68-B9B8-3D59A75B854F}.Ad-Hoc|iPhone.Build.0 = Debug|x86
		{8BC8A02A-45AE-4E68-B9B8-3D59A75B854F}.Ad-Hoc|iPhone.Deploy.0 = Debug|x86
		{8BC8A02A-45AE-4E68-B9B8-3D59A75B854F}.Ad-Hoc|iPhoneSimulator.ActiveCfg = Debug|x86
		{8BC8A02A-45AE-4E68-B9B8-3D59A75B854F}.Ad-Hoc|iPhoneSimulator.Build.0 = Debug|x86
		{8BC8A02A-45AE-4E68-B9B8-3D59A75B854F}.Ad-Hoc|iPhoneSimulator.Deploy.0 = Debug|x86
		{8BC8A02A-45AE-4E68-B9B8-3D59A75B854F}.Ad-Hoc|x64.ActiveCfg = Debug|x64
		{8BC8A02A-45AE-4E68-B9B8-3D59A75B854F}.Ad-Hoc|x64.Build.0 = Debug|x64
		{8BC8A02A-45AE-4E68-B9B8-3D59A75B854F}.Ad-Hoc|x64.Deploy.0 = Debug|x64
		{8BC8A02A-45AE-4E68-B9B8-3D59A75B854F}.Ad-Hoc|x86.ActiveCfg = Debug|x86
		{8BC8A02A-45AE-4E68-B9B8-3D59A75B854F}.Ad-Hoc|x86.Build.0 = Debug|x86
		{8BC8A02A-45AE-4E68-B9B8-3D59A75B854F}.Ad-Hoc|x86.Deploy.0 = Debug|x86
		{8BC8A02A-45AE-4E68-B9B8-3D59A75B854F}.AppStore|Any CPU.ActiveCfg = Debug|x86
		{8BC8A02A-45AE-4E68-B9B8-3D59A75B854F}.AppStore|Any CPU.Build.0 = Debug|x86
		{8BC8A02A-45AE-4E68-B9B8-3D59A75B854F}.AppStore|Any CPU.Deploy.0 = Debug|x86
		{8BC8A02A-45AE-4E68-B9B8-3D59A75B854F}.AppStore|ARM.ActiveCfg = Debug|ARM
		{8BC8A02A-45AE-4E68-B9B8-3D59A75B854F}.AppStore|ARM.Build.0 = Debug|ARM
		{8BC8A02A-45AE-4E68-B9B8-3D59A75B854F}.AppStore|ARM.Deploy.0 = Debug|ARM
		{8BC8A02A-45AE-4E68-B9B8-3D59A75B854F}.AppStore|ARM64.ActiveCfg = Debug|ARM64
		{8BC8A02A-45AE-4E68-B9B8-3D59A75B854F}.AppStore|ARM64.Build.0 = Debug|ARM64
		{8BC8A02A-45AE-4E68-B9B8-3D59A75B854F}.AppStore|ARM64.Deploy.0 = Debug|ARM64
		{8BC8A02A-45AE-4E68-B9B8-3D59A75B854F}.AppStore|iPhone.ActiveCfg = Debug|x86
		{8BC8A02A-45AE-4E68-B9B8-3D59A75B854F}.AppStore|iPhone.Build.0 = Debug|x86
		{8BC8A02A-45AE-4E68-B9B8-3D59A75B854F}.AppStore|iPhone.Deploy.0 = Debug|x86
		{8BC8A02A-45AE-4E68-B9B8-3D59A75B854F}.AppStore|iPhoneSimulator.ActiveCfg = Debug|x86
		{8BC8A02A-45AE-4E68-B9B8-3D59A75B854F}.AppStore|iPhoneSimulator.Build.0 = Debug|x86
		{8BC8A02A-45AE-4E68-B9B8-3D59A75B854F}.AppStore|iPhoneSimulator.Deploy.0 = Debug|x86
		{8BC8A02A-45AE-4E68-B9B8-3D59A75B854F}.AppStore|x64.ActiveCfg = Debug|x64
		{8BC8A02A-45AE-4E68-B9B8-3D59A75B854F}.AppStore|x64.Build.0 = Debug|x64
		{8BC8A02A-45AE-4E68-B9B8-3D59A75B854F}.AppStore|x64.Deploy.0 = Debug|x64
		{8BC8A02A-45AE-4E68-B9B8-3D59A75B854F}.AppStore|x86.ActiveCfg = Debug|x86
		{8BC8A02A-45AE-4E68-B9B8-3D59A75B854F}.AppStore|x86.Build.0 = Debug|x86
		{8BC8A02A-45AE-4E68-B9B8-3D59A75B854F}.AppStore|x86.Deploy.0 = Debug|x86
		{8BC8A02A-45AE-4E68-B9B8-3D59A75B854F}.Debug|Any CPU.ActiveCfg = Debug|x86
		{8BC8A02A-45AE-4E68-B9B8-3D59A75B854F}.Debug|Any CPU.Build.0 = Debug|x86
		{8BC8A02A-45AE-4E68-B9B8-3D59A75B854F}.Debug|Any CPU.Deploy.0 = Debug|x86
		{8BC8A02A-45AE-4E68-B9B8-3D59A75B854F}.Debug|ARM.ActiveCfg = Debug|ARM
		{8BC8A02A-45AE-4E68-B9B8-3D59A75B854F}.Debug|ARM.Build.0 = Debug|ARM
		{8BC8A02A-45AE-4E68-B9B8-3D59A75B854F}.Debug|ARM.Deploy.0 = Debug|ARM
		{8BC8A02A-45AE-4E68-B9B8-3D59A75B854F}.Debug|ARM64.ActiveCfg = Debug|ARM64
		{8BC8A02A-45AE-4E68-B9B8-3D59A75B854F}.Debug|ARM64.Build.0 = Debug|ARM64
		{8BC8A02A-45AE-4E68-B9B8-3D59A75B854F}.Debug|ARM64.Deploy.0 = Debug|ARM64
		{8BC8A02A-45AE-4E68-B9B8-3D59A75B854F}.Debug|iPhone.ActiveCfg = Debug|x86
		{8BC8A02A-45AE-4E68-B9B8-3D59A75B854F}.Debug|iPhoneSimulator.ActiveCfg = Debug|x86
		{8BC8A02A-45AE-4E68-B9B8-3D59A75B854F}.Debug|x64.ActiveCfg = Debug|x64
		{8BC8A02A-45AE-4E68-B9B8-3D59A75B854F}.Debug|x64.Build.0 = Debug|x64
		{8BC8A02A-45AE-4E68-B9B8-3D59A75B854F}.Debug|x64.Deploy.0 = Debug|x64
		{8BC8A02A-45AE-4E68-B9B8-3D59A75B854F}.Debug|x86.ActiveCfg = Debug|x86
		{8BC8A02A-45AE-4E68-B9B8-3D59A75B854F}.Debug|x86.Build.0 = Debug|x86
		{8BC8A02A-45AE-4E68-B9B8-3D59A75B854F}.Debug|x86.Deploy.0 = Debug|x86
		{8BC8A02A-45AE-4E68-B9B8-3D59A75B854F}.Release|Any CPU.ActiveCfg = Release|x86
		{8BC8A02A-45AE-4E68-B9B8-3D59A75B854F}.Release|ARM.ActiveCfg = Release|ARM
		{8BC8A02A-45AE-4E68-B9B8-3D59A75B854F}.Release|ARM.Build.0 = Release|ARM
		{8BC8A02A-45AE-4E68-B9B8-3D59A75B854F}.Release|ARM.Deploy.0 = Release|ARM
		{8BC8A02A-45AE-4E68-B9B8-3D59A75B854F}.Release|ARM64.ActiveCfg = Release|ARM64
		{8BC8A02A-45AE-4E68-B9B8-3D59A75B854F}.Release|ARM64.Build.0 = Release|ARM64
		{8BC8A02A-45AE-4E68-B9B8-3D59A75B854F}.Release|ARM64.Deploy.0 = Release|ARM64
		{8BC8A02A-45AE-4E68-B9B8-3D59A75B854F}.Release|iPhone.ActiveCfg = Release|x86
		{8BC8A02A-45AE-4E68-B9B8-3D59A75B854F}.Release|iPhoneSimulator.ActiveCfg = Release|x86
		{8BC8A02A-45AE-4E68-B9B8-3D59A75B854F}.Release|x64.ActiveCfg = Release|x64
		{8BC8A02A-45AE-4E68-B9B8-3D59A75B854F}.Release|x64.Build.0 = Release|x64
		{8BC8A02A-45AE-4E68-B9B8-3D59A75B854F}.Release|x64.Deploy.0 = Release|x64
		{8BC8A02A-45AE-4E68-B9B8-3D59A75B854F}.Release|x86.ActiveCfg = Release|x86
		{8BC8A02A-45AE-4E68-B9B8-3D59A75B854F}.Release|x86.Build.0 = Release|x86
		{8BC8A02A-45AE-4E68-B9B8-3D59A75B854F}.Release|x86.Deploy.0 = Release|x86
	EndGlobalSection
	GlobalSection(SolutionProperties) = preSolution
		HideSolutionNode = FALSE
	EndGlobalSection
	GlobalSection(NestedProjects) = preSolution
		{C6429D1A-C490-4916-9930-04CC63BDAA03} = {9F010890-C8EA-4B2D-AA72-C9E18EDB6079}
		{017BB6F1-E3E5-412D-B164-A48AE227114C} = {9F010890-C8EA-4B2D-AA72-C9E18EDB6079}
		{8BC8A02A-45AE-4E68-B9B8-3D59A75B854F} = {9F010890-C8EA-4B2D-AA72-C9E18EDB6079}
	EndGlobalSection
	GlobalSection(ExtensibilityGlobals) = postSolution
		SolutionGuid = {3498BD2E-0719-4434-BB2E-11FEE3D9BA0D}
	EndGlobalSection
EndGlobal
