
Microsoft Visual Studio Solution File, Format Version 12.00
# Visual Studio Version 16
VisualStudioVersion = 16.0.31019.35
MinimumVisualStudioVersion = 10.0.40219.1
Project("{D954291E-2A0B-460D-934E-DC6B0785DB48}") = "FinancialChart.Shared", "FinancialChart\FinancialChart.Shared\FinancialChart.Shared.shproj", "{6279C845-92F8-4333-AB99-3D213163593C}"
EndProject
Project("{2150E333-8FDC-42A3-9474-1A3956D46DE8}") = "Platforms", "Platforms", "{D14F0241-D008-4252-897E-BF38BB136893}"
EndProject
Project("{FAE04EC0-301F-11D3-BF4B-00C04F79EFBC}") = "FinancialChart.Droid", "FinancialChart\FinancialChart.Droid\FinancialChart.Droid.csproj", "{9CF68E6A-0E78-4399-AF53-0D6DC66422C8}"
EndProject
Project("{FAE04EC0-301F-11D3-BF4B-00C04F79EFBC}") = "FinancialChart.iOS", "FinancialChart\FinancialChart.iOS\FinancialChart.iOS.csproj", "{81362915-733E-4759-B763-6B164E42FF7C}"
EndProject
Project("{FAE04EC0-301F-11D3-BF4B-00C04F79EFBC}") = "FinancialChart.UWP", "FinancialChart\FinancialChart.UWP\FinancialChart.UWP.csproj", "{FCD012F7-B73C-4086-86A2-1F97B9076F8E}"
EndProject
Project("{FAE04EC0-301F-11D3-BF4B-00C04F79EFBC}") = "FinancialChart.Wasm", "FinancialChart\FinancialChart.Wasm\FinancialChart.Wasm.csproj", "{A322109D-1CE1-4120-BD2A-4F03BAD75D16}"
EndProject
Project("{FAE04EC0-301F-11D3-BF4B-00C04F79EFBC}") = "FinancialChart.macOS", "FinancialChart\FinancialChart.macOS\FinancialChart.macOS.csproj", "{24497BCC-E479-40AE-98C3-0E9BAE3AFEFD}"
EndProject
Project("{FAE04EC0-301F-11D3-BF4B-00C04F79EFBC}") = "FinancialChart.Skia.Wpf.Host", "FinancialChart\FinancialChart.Skia.Wpf.Host\FinancialChart.Skia.Wpf.Host.csproj", "{EF622168-49D4-47E4-A1C5-45AD8123360A}"
EndProject
Project("{FAE04EC0-301F-11D3-BF4B-00C04F79EFBC}") = "FinancialChart.Skia.Wpf", "FinancialChart\FinancialChart.Skia.Wpf\FinancialChart.Skia.Wpf.csproj", "{4211E1AE-1242-43DB-B0D6-BED1DFC785F4}"
EndProject
Project("{FAE04EC0-301F-11D3-BF4B-00C04F79EFBC}") = "FinancialChart.Skia.Gtk", "FinancialChart\FinancialChart.Skia.Gtk\FinancialChart.Skia.Gtk.csproj", "{D102E49C-ABC8-4ACC-9E28-D67C6EFD1DC9}"
EndProject
Project("{FAE04EC0-301F-11D3-BF4B-00C04F79EFBC}") = "FinancialChart.Skia.Tizen", "FinancialChart\FinancialChart.Skia.Tizen\FinancialChart.Skia.Tizen.csproj", "{7930BC5B-5DAA-4C83-99A8-84C63A132F97}"
EndProject
Global
	GlobalSection(SharedMSBuildProjectFiles) = preSolution
		FinancialChart\FinancialChart.Shared\FinancialChart.Shared.projitems*{24497bcc-e479-40ae-98c3-0e9bae3afefd}*SharedItemsImports = 4
		FinancialChart\FinancialChart.Shared\FinancialChart.Shared.projitems*{4211e1ae-1242-43db-b0d6-bed1dfc785f4}*SharedItemsImports = 5
		FinancialChart\FinancialChart.Shared\FinancialChart.Shared.projitems*{6279c845-92f8-4333-ab99-3d213163593c}*SharedItemsImports = 13
		FinancialChart\FinancialChart.Shared\FinancialChart.Shared.projitems*{7930bc5b-5daa-4c83-99a8-84c63a132f97}*SharedItemsImports = 5
		FinancialChart\FinancialChart.Shared\FinancialChart.Shared.projitems*{81362915-733e-4759-b763-6b164e42ff7c}*SharedItemsImports = 4
		FinancialChart\FinancialChart.Shared\FinancialChart.Shared.projitems*{9cf68e6a-0e78-4399-af53-0d6dc66422c8}*SharedItemsImports = 4
		FinancialChart\FinancialChart.Shared\FinancialChart.Shared.projitems*{a322109d-1ce1-4120-bd2a-4f03bad75d16}*SharedItemsImports = 5
		FinancialChart\FinancialChart.Shared\FinancialChart.Shared.projitems*{d102e49c-abc8-4acc-9e28-d67c6efd1dc9}*SharedItemsImports = 5
		FinancialChart\FinancialChart.Shared\FinancialChart.Shared.projitems*{fcd012f7-b73c-4086-86a2-1f97b9076f8e}*SharedItemsImports = 4
	EndGlobalSection
	GlobalSection(SolutionConfigurationPlatforms) = preSolution
		Ad-Hoc|Any CPU = Ad-Hoc|Any CPU
		Ad-Hoc|ARM = Ad-Hoc|ARM
		Ad-Hoc|ARM64 = Ad-Hoc|ARM64
		Ad-Hoc|iPhone = Ad-Hoc|iPhone
		Ad-Hoc|iPhoneSimulator = Ad-Hoc|iPhoneSimulator
		Ad-Hoc|x64 = Ad-Hoc|x64
		Ad-Hoc|x86 = Ad-Hoc|x86
		AppStore|Any CPU = AppStore|Any CPU
		AppStore|ARM = AppStore|ARM
		AppStore|ARM64 = AppStore|ARM64
		AppStore|iPhone = AppStore|iPhone
		AppStore|iPhoneSimulator = AppStore|iPhoneSimulator
		AppStore|x64 = AppStore|x64
		AppStore|x86 = AppStore|x86
		Debug|Any CPU = Debug|Any CPU
		Debug|ARM = Debug|ARM
		Debug|ARM64 = Debug|ARM64
		Debug|iPhone = Debug|iPhone
		Debug|iPhoneSimulator = Debug|iPhoneSimulator
		Debug|x64 = Debug|x64
		Debug|x86 = Debug|x86
		Release|Any CPU = Release|Any CPU
		Release|ARM = Release|ARM
		Release|ARM64 = Release|ARM64
		Release|iPhone = Release|iPhone
		Release|iPhoneSimulator = Release|iPhoneSimulator
		Release|x64 = Release|x64
		Release|x86 = Release|x86
	EndGlobalSection
	GlobalSection(ProjectConfigurationPlatforms) = postSolution
		{9CF68E6A-0E78-4399-AF53-0D6DC66422C8}.Ad-Hoc|Any CPU.ActiveCfg = Debug|Any CPU
		{9CF68E6A-0E78-4399-AF53-0D6DC66422C8}.Ad-Hoc|Any CPU.Build.0 = Debug|Any CPU
		{9CF68E6A-0E78-4399-AF53-0D6DC66422C8}.Ad-Hoc|Any CPU.Deploy.0 = Debug|Any CPU
		{9CF68E6A-0E78-4399-AF53-0D6DC66422C8}.Ad-Hoc|ARM.ActiveCfg = Debug|Any CPU
		{9CF68E6A-0E78-4399-AF53-0D6DC66422C8}.Ad-Hoc|ARM.Build.0 = Debug|Any CPU
		{9CF68E6A-0E78-4399-AF53-0D6DC66422C8}.Ad-Hoc|ARM.Deploy.0 = Debug|Any CPU
		{9CF68E6A-0E78-4399-AF53-0D6DC66422C8}.Ad-Hoc|ARM64.ActiveCfg = Debug|Any CPU
		{9CF68E6A-0E78-4399-AF53-0D6DC66422C8}.Ad-Hoc|ARM64.Build.0 = Debug|Any CPU
		{9CF68E6A-0E78-4399-AF53-0D6DC66422C8}.Ad-Hoc|ARM64.Deploy.0 = Debug|Any CPU
		{9CF68E6A-0E78-4399-AF53-0D6DC66422C8}.Ad-Hoc|iPhone.ActiveCfg = Debug|Any CPU
		{9CF68E6A-0E78-4399-AF53-0D6DC66422C8}.Ad-Hoc|iPhone.Build.0 = Debug|Any CPU
		{9CF68E6A-0E78-4399-AF53-0D6DC66422C8}.Ad-Hoc|iPhone.Deploy.0 = Debug|Any CPU
		{9CF68E6A-0E78-4399-AF53-0D6DC66422C8}.Ad-Hoc|iPhoneSimulator.ActiveCfg = Debug|Any CPU
		{9CF68E6A-0E78-4399-AF53-0D6DC66422C8}.Ad-Hoc|iPhoneSimulator.Build.0 = Debug|Any CPU
		{9CF68E6A-0E78-4399-AF53-0D6DC66422C8}.Ad-Hoc|iPhoneSimulator.Deploy.0 = Debug|Any CPU
		{9CF68E6A-0E78-4399-AF53-0D6DC66422C8}.Ad-Hoc|x64.ActiveCfg = Debug|Any CPU
		{9CF68E6A-0E78-4399-AF53-0D6DC66422C8}.Ad-Hoc|x64.Build.0 = Debug|Any CPU
		{9CF68E6A-0E78-4399-AF53-0D6DC66422C8}.Ad-Hoc|x64.Deploy.0 = Debug|Any CPU
		{9CF68E6A-0E78-4399-AF53-0D6DC66422C8}.Ad-Hoc|x86.ActiveCfg = Debug|Any CPU
		{9CF68E6A-0E78-4399-AF53-0D6DC66422C8}.Ad-Hoc|x86.Build.0 = Debug|Any CPU
		{9CF68E6A-0E78-4399-AF53-0D6DC66422C8}.Ad-Hoc|x86.Deploy.0 = Debug|Any CPU
		{9CF68E6A-0E78-4399-AF53-0D6DC66422C8}.AppStore|Any CPU.ActiveCfg = Debug|Any CPU
		{9CF68E6A-0E78-4399-AF53-0D6DC66422C8}.AppStore|Any CPU.Build.0 = Debug|Any CPU
		{9CF68E6A-0E78-4399-AF53-0D6DC66422C8}.AppStore|Any CPU.Deploy.0 = Debug|Any CPU
		{9CF68E6A-0E78-4399-AF53-0D6DC66422C8}.AppStore|ARM.ActiveCfg = Debug|Any CPU
		{9CF68E6A-0E78-4399-AF53-0D6DC66422C8}.AppStore|ARM.Build.0 = Debug|Any CPU
		{9CF68E6A-0E78-4399-AF53-0D6DC66422C8}.AppStore|ARM.Deploy.0 = Debug|Any CPU
		{9CF68E6A-0E78-4399-AF53-0D6DC66422C8}.AppStore|ARM64.ActiveCfg = Debug|Any CPU
		{9CF68E6A-0E78-4399-AF53-0D6DC66422C8}.AppStore|ARM64.Build.0 = Debug|Any CPU
		{9CF68E6A-0E78-4399-AF53-0D6DC66422C8}.AppStore|ARM64.Deploy.0 = Debug|Any CPU
		{9CF68E6A-0E78-4399-AF53-0D6DC66422C8}.AppStore|iPhone.ActiveCfg = Debug|Any CPU
		{9CF68E6A-0E78-4399-AF53-0D6DC66422C8}.AppStore|iPhone.Build.0 = Debug|Any CPU
		{9CF68E6A-0E78-4399-AF53-0D6DC66422C8}.AppStore|iPhone.Deploy.0 = Debug|Any CPU
		{9CF68E6A-0E78-4399-AF53-0D6DC66422C8}.AppStore|iPhoneSimulator.ActiveCfg = Debug|Any CPU
		{9CF68E6A-0E78-4399-AF53-0D6DC66422C8}.AppStore|iPhoneSimulator.Build.0 = Debug|Any CPU
		{9CF68E6A-0E78-4399-AF53-0D6DC66422C8}.AppStore|iPhoneSimulator.Deploy.0 = Debug|Any CPU
		{9CF68E6A-0E78-4399-AF53-0D6DC66422C8}.AppStore|x64.ActiveCfg = Debug|Any CPU
		{9CF68E6A-0E78-4399-AF53-0D6DC66422C8}.AppStore|x64.Build.0 = Debug|Any CPU
		{9CF68E6A-0E78-4399-AF53-0D6DC66422C8}.AppStore|x64.Deploy.0 = Debug|Any CPU
		{9CF68E6A-0E78-4399-AF53-0D6DC66422C8}.AppStore|x86.ActiveCfg = Debug|Any CPU
		{9CF68E6A-0E78-4399-AF53-0D6DC66422C8}.AppStore|x86.Build.0 = Debug|Any CPU
		{9CF68E6A-0E78-4399-AF53-0D6DC66422C8}.AppStore|x86.Deploy.0 = Debug|Any CPU
		{9CF68E6A-0E78-4399-AF53-0D6DC66422C8}.Debug|Any CPU.ActiveCfg = Debug|Any CPU
		{9CF68E6A-0E78-4399-AF53-0D6DC66422C8}.Debug|Any CPU.Build.0 = Debug|Any CPU
		{9CF68E6A-0E78-4399-AF53-0D6DC66422C8}.Debug|Any CPU.Deploy.0 = Debug|Any CPU
		{9CF68E6A-0E78-4399-AF53-0D6DC66422C8}.Debug|ARM.ActiveCfg = Debug|Any CPU
		{9CF68E6A-0E78-4399-AF53-0D6DC66422C8}.Debug|ARM.Build.0 = Debug|Any CPU
		{9CF68E6A-0E78-4399-AF53-0D6DC66422C8}.Debug|ARM.Deploy.0 = Debug|Any CPU
		{9CF68E6A-0E78-4399-AF53-0D6DC66422C8}.Debug|ARM64.ActiveCfg = Debug|Any CPU
		{9CF68E6A-0E78-4399-AF53-0D6DC66422C8}.Debug|ARM64.Build.0 = Debug|Any CPU
		{9CF68E6A-0E78-4399-AF53-0D6DC66422C8}.Debug|ARM64.Deploy.0 = Debug|Any CPU
		{9CF68E6A-0E78-4399-AF53-0D6DC66422C8}.Debug|iPhone.ActiveCfg = Debug|Any CPU
		{9CF68E6A-0E78-4399-AF53-0D6DC66422C8}.Debug|iPhone.Build.0 = Debug|Any CPU
		{9CF68E6A-0E78-4399-AF53-0D6DC66422C8}.Debug|iPhone.Deploy.0 = Debug|Any CPU
		{9CF68E6A-0E78-4399-AF53-0D6DC66422C8}.Debug|iPhoneSimulator.ActiveCfg = Debug|Any CPU
		{9CF68E6A-0E78-4399-AF53-0D6DC66422C8}.Debug|iPhoneSimulator.Build.0 = Debug|Any CPU
		{9CF68E6A-0E78-4399-AF53-0D6DC66422C8}.Debug|iPhoneSimulator.Deploy.0 = Debug|Any CPU
		{9CF68E6A-0E78-4399-AF53-0D6DC66422C8}.Debug|x64.ActiveCfg = Debug|Any CPU
		{9CF68E6A-0E78-4399-AF53-0D6DC66422C8}.Debug|x64.Build.0 = Debug|Any CPU
		{9CF68E6A-0E78-4399-AF53-0D6DC66422C8}.Debug|x64.Deploy.0 = Debug|Any CPU
		{9CF68E6A-0E78-4399-AF53-0D6DC66422C8}.Debug|x86.ActiveCfg = Debug|Any CPU
		{9CF68E6A-0E78-4399-AF53-0D6DC66422C8}.Debug|x86.Build.0 = Debug|Any CPU
		{9CF68E6A-0E78-4399-AF53-0D6DC66422C8}.Debug|x86.Deploy.0 = Debug|Any CPU
		{9CF68E6A-0E78-4399-AF53-0D6DC66422C8}.Release|Any CPU.ActiveCfg = Release|Any CPU
		{9CF68E6A-0E78-4399-AF53-0D6DC66422C8}.Release|Any CPU.Build.0 = Release|Any CPU
		{9CF68E6A-0E78-4399-AF53-0D6DC66422C8}.Release|Any CPU.Deploy.0 = Release|Any CPU
		{9CF68E6A-0E78-4399-AF53-0D6DC66422C8}.Release|ARM.ActiveCfg = Release|Any CPU
		{9CF68E6A-0E78-4399-AF53-0D6DC66422C8}.Release|ARM.Build.0 = Release|Any CPU
		{9CF68E6A-0E78-4399-AF53-0D6DC66422C8}.Release|ARM.Deploy.0 = Release|Any CPU
		{9CF68E6A-0E78-4399-AF53-0D6DC66422C8}.Release|ARM64.ActiveCfg = Release|Any CPU
		{9CF68E6A-0E78-4399-AF53-0D6DC66422C8}.Release|ARM64.Build.0 = Release|Any CPU
		{9CF68E6A-0E78-4399-AF53-0D6DC66422C8}.Release|ARM64.Deploy.0 = Release|Any CPU
		{9CF68E6A-0E78-4399-AF53-0D6DC66422C8}.Release|iPhone.ActiveCfg = Release|Any CPU
		{9CF68E6A-0E78-4399-AF53-0D6DC66422C8}.Release|iPhone.Build.0 = Release|Any CPU
		{9CF68E6A-0E78-4399-AF53-0D6DC66422C8}.Release|iPhone.Deploy.0 = Release|Any CPU
		{9CF68E6A-0E78-4399-AF53-0D6DC66422C8}.Release|iPhoneSimulator.ActiveCfg = Release|Any CPU
		{9CF68E6A-0E78-4399-AF53-0D6DC66422C8}.Release|iPhoneSimulator.Build.0 = Release|Any CPU
		{9CF68E6A-0E78-4399-AF53-0D6DC66422C8}.Release|iPhoneSimulator.Deploy.0 = Release|Any CPU
		{9CF68E6A-0E78-4399-AF53-0D6DC66422C8}.Release|x64.ActiveCfg = Release|Any CPU
		{9CF68E6A-0E78-4399-AF53-0D6DC66422C8}.Release|x64.Build.0 = Release|Any CPU
		{9CF68E6A-0E78-4399-AF53-0D6DC66422C8}.Release|x64.Deploy.0 = Release|Any CPU
		{9CF68E6A-0E78-4399-AF53-0D6DC66422C8}.Release|x86.ActiveCfg = Release|Any CPU
		{9CF68E6A-0E78-4399-AF53-0D6DC66422C8}.Release|x86.Build.0 = Release|Any CPU
		{9CF68E6A-0E78-4399-AF53-0D6DC66422C8}.Release|x86.Deploy.0 = Release|Any CPU
		{81362915-733E-4759-B763-6B164E42FF7C}.Ad-Hoc|Any CPU.ActiveCfg = Ad-Hoc|iPhoneSimulator
		{81362915-733E-4759-B763-6B164E42FF7C}.Ad-Hoc|ARM.ActiveCfg = Ad-Hoc|iPhoneSimulator
		{81362915-733E-4759-B763-6B164E42FF7C}.Ad-Hoc|ARM64.ActiveCfg = Ad-Hoc|iPhoneSimulator
		{81362915-733E-4759-B763-6B164E42FF7C}.Ad-Hoc|iPhone.ActiveCfg = Ad-Hoc|iPhone
		{81362915-733E-4759-B763-6B164E42FF7C}.Ad-Hoc|iPhone.Build.0 = Ad-Hoc|iPhone
		{81362915-733E-4759-B763-6B164E42FF7C}.Ad-Hoc|iPhoneSimulator.ActiveCfg = Ad-Hoc|iPhoneSimulator
		{81362915-733E-4759-B763-6B164E42FF7C}.Ad-Hoc|iPhoneSimulator.Build.0 = Ad-Hoc|iPhoneSimulator
		{81362915-733E-4759-B763-6B164E42FF7C}.Ad-Hoc|x64.ActiveCfg = Ad-Hoc|iPhoneSimulator
		{81362915-733E-4759-B763-6B164E42FF7C}.Ad-Hoc|x86.ActiveCfg = Ad-Hoc|iPhoneSimulator
		{81362915-733E-4759-B763-6B164E42FF7C}.AppStore|Any CPU.ActiveCfg = AppStore|iPhoneSimulator
		{81362915-733E-4759-B763-6B164E42FF7C}.AppStore|ARM.ActiveCfg = AppStore|iPhoneSimulator
		{81362915-733E-4759-B763-6B164E42FF7C}.AppStore|ARM64.ActiveCfg = AppStore|iPhoneSimulator
		{81362915-733E-4759-B763-6B164E42FF7C}.AppStore|iPhone.ActiveCfg = AppStore|iPhone
		{81362915-733E-4759-B763-6B164E42FF7C}.AppStore|iPhone.Build.0 = AppStore|iPhone
		{81362915-733E-4759-B763-6B164E42FF7C}.AppStore|iPhoneSimulator.ActiveCfg = AppStore|iPhoneSimulator
		{81362915-733E-4759-B763-6B164E42FF7C}.AppStore|iPhoneSimulator.Build.0 = AppStore|iPhoneSimulator
		{81362915-733E-4759-B763-6B164E42FF7C}.AppStore|x64.ActiveCfg = AppStore|iPhoneSimulator
		{81362915-733E-4759-B763-6B164E42FF7C}.AppStore|x86.ActiveCfg = AppStore|iPhoneSimulator
		{81362915-733E-4759-B763-6B164E42FF7C}.Debug|Any CPU.ActiveCfg = Debug|iPhoneSimulator
		{81362915-733E-4759-B763-6B164E42FF7C}.Debug|ARM.ActiveCfg = Debug|iPhoneSimulator
		{81362915-733E-4759-B763-6B164E42FF7C}.Debug|ARM64.ActiveCfg = Debug|iPhoneSimulator
		{81362915-733E-4759-B763-6B164E42FF7C}.Debug|iPhone.ActiveCfg = Debug|iPhone
		{81362915-733E-4759-B763-6B164E42FF7C}.Debug|iPhone.Build.0 = Debug|iPhone
		{81362915-733E-4759-B763-6B164E42FF7C}.Debug|iPhoneSimulator.ActiveCfg = Debug|iPhoneSimulator
		{81362915-733E-4759-B763-6B164E42FF7C}.Debug|iPhoneSimulator.Build.0 = Debug|iPhoneSimulator
		{81362915-733E-4759-B763-6B164E42FF7C}.Debug|x64.ActiveCfg = Debug|iPhoneSimulator
		{81362915-733E-4759-B763-6B164E42FF7C}.Debug|x86.ActiveCfg = Debug|iPhoneSimulator
		{81362915-733E-4759-B763-6B164E42FF7C}.Release|Any CPU.ActiveCfg = Release|iPhoneSimulator
		{81362915-733E-4759-B763-6B164E42FF7C}.Release|ARM.ActiveCfg = Release|iPhoneSimulator
		{81362915-733E-4759-B763-6B164E42FF7C}.Release|ARM64.ActiveCfg = Release|iPhoneSimulator
		{81362915-733E-4759-B763-6B164E42FF7C}.Release|iPhone.ActiveCfg = Release|iPhone
		{81362915-733E-4759-B763-6B164E42FF7C}.Release|iPhone.Build.0 = Release|iPhone
		{81362915-733E-4759-B763-6B164E42FF7C}.Release|iPhoneSimulator.ActiveCfg = Release|iPhoneSimulator
		{81362915-733E-4759-B763-6B164E42FF7C}.Release|iPhoneSimulator.Build.0 = Release|iPhoneSimulator
		{81362915-733E-4759-B763-6B164E42FF7C}.Release|x64.ActiveCfg = Release|iPhoneSimulator
		{81362915-733E-4759-B763-6B164E42FF7C}.Release|x86.ActiveCfg = Release|iPhoneSimulator
		{FCD012F7-B73C-4086-86A2-1F97B9076F8E}.Ad-Hoc|Any CPU.ActiveCfg = Debug|x86
		{FCD012F7-B73C-4086-86A2-1F97B9076F8E}.Ad-Hoc|Any CPU.Build.0 = Debug|x86
		{FCD012F7-B73C-4086-86A2-1F97B9076F8E}.Ad-Hoc|Any CPU.Deploy.0 = Debug|x86
		{FCD012F7-B73C-4086-86A2-1F97B9076F8E}.Ad-Hoc|ARM.ActiveCfg = Debug|ARM
		{FCD012F7-B73C-4086-86A2-1F97B9076F8E}.Ad-Hoc|ARM.Build.0 = Debug|ARM
		{FCD012F7-B73C-4086-86A2-1F97B9076F8E}.Ad-Hoc|ARM.Deploy.0 = Debug|ARM
		{FCD012F7-B73C-4086-86A2-1F97B9076F8E}.Ad-Hoc|ARM64.ActiveCfg = Debug|ARM64
		{FCD012F7-B73C-4086-86A2-1F97B9076F8E}.Ad-Hoc|ARM64.Build.0 = Debug|ARM64
		{FCD012F7-B73C-4086-86A2-1F97B9076F8E}.Ad-Hoc|ARM64.Deploy.0 = Debug|ARM64
		{FCD012F7-B73C-4086-86A2-1F97B9076F8E}.Ad-Hoc|iPhone.ActiveCfg = Debug|x86
		{FCD012F7-B73C-4086-86A2-1F97B9076F8E}.Ad-Hoc|iPhone.Build.0 = Debug|x86
		{FCD012F7-B73C-4086-86A2-1F97B9076F8E}.Ad-Hoc|iPhone.Deploy.0 = Debug|x86
		{FCD012F7-B73C-4086-86A2-1F97B9076F8E}.Ad-Hoc|iPhoneSimulator.ActiveCfg = Debug|x86
		{FCD012F7-B73C-4086-86A2-1F97B9076F8E}.Ad-Hoc|iPhoneSimulator.Build.0 = Debug|x86
		{FCD012F7-B73C-4086-86A2-1F97B9076F8E}.Ad-Hoc|iPhoneSimulator.Deploy.0 = Debug|x86
		{FCD012F7-B73C-4086-86A2-1F97B9076F8E}.Ad-Hoc|x64.ActiveCfg = Debug|x64
		{FCD012F7-B73C-4086-86A2-1F97B9076F8E}.Ad-Hoc|x64.Build.0 = Debug|x64
		{FCD012F7-B73C-4086-86A2-1F97B9076F8E}.Ad-Hoc|x64.Deploy.0 = Debug|x64
		{FCD012F7-B73C-4086-86A2-1F97B9076F8E}.Ad-Hoc|x86.ActiveCfg = Debug|x86
		{FCD012F7-B73C-4086-86A2-1F97B9076F8E}.Ad-Hoc|x86.Build.0 = Debug|x86
		{FCD012F7-B73C-4086-86A2-1F97B9076F8E}.Ad-Hoc|x86.Deploy.0 = Debug|x86
		{FCD012F7-B73C-4086-86A2-1F97B9076F8E}.AppStore|Any CPU.ActiveCfg = Debug|x86
		{FCD012F7-B73C-4086-86A2-1F97B9076F8E}.AppStore|Any CPU.Build.0 = Debug|x86
		{FCD012F7-B73C-4086-86A2-1F97B9076F8E}.AppStore|Any CPU.Deploy.0 = Debug|x86
		{FCD012F7-B73C-4086-86A2-1F97B9076F8E}.AppStore|ARM.ActiveCfg = Debug|ARM
		{FCD012F7-B73C-4086-86A2-1F97B9076F8E}.AppStore|ARM.Build.0 = Debug|ARM
		{FCD012F7-B73C-4086-86A2-1F97B9076F8E}.AppStore|ARM.Deploy.0 = Debug|ARM
		{FCD012F7-B73C-4086-86A2-1F97B9076F8E}.AppStore|ARM64.ActiveCfg = Debug|ARM64
		{FCD012F7-B73C-4086-86A2-1F97B9076F8E}.AppStore|ARM64.Build.0 = Debug|ARM64
		{FCD012F7-B73C-4086-86A2-1F97B9076F8E}.AppStore|ARM64.Deploy.0 = Debug|ARM64
		{FCD012F7-B73C-4086-86A2-1F97B9076F8E}.AppStore|iPhone.ActiveCfg = Debug|x86
		{FCD012F7-B73C-4086-86A2-1F97B9076F8E}.AppStore|iPhone.Build.0 = Debug|x86
		{FCD012F7-B73C-4086-86A2-1F97B9076F8E}.AppStore|iPhone.Deploy.0 = Debug|x86
		{FCD012F7-B73C-4086-86A2-1F97B9076F8E}.AppStore|iPhoneSimulator.ActiveCfg = Debug|x86
		{FCD012F7-B73C-4086-86A2-1F97B9076F8E}.AppStore|iPhoneSimulator.Build.0 = Debug|x86
		{FCD012F7-B73C-4086-86A2-1F97B9076F8E}.AppStore|iPhoneSimulator.Deploy.0 = Debug|x86
		{FCD012F7-B73C-4086-86A2-1F97B9076F8E}.AppStore|x64.ActiveCfg = Debug|x64
		{FCD012F7-B73C-4086-86A2-1F97B9076F8E}.AppStore|x64.Build.0 = Debug|x64
		{FCD012F7-B73C-4086-86A2-1F97B9076F8E}.AppStore|x64.Deploy.0 = Debug|x64
		{FCD012F7-B73C-4086-86A2-1F97B9076F8E}.AppStore|x86.ActiveCfg = Debug|x86
		{FCD012F7-B73C-4086-86A2-1F97B9076F8E}.AppStore|x86.Build.0 = Debug|x86
		{FCD012F7-B73C-4086-86A2-1F97B9076F8E}.AppStore|x86.Deploy.0 = Debug|x86
		{FCD012F7-B73C-4086-86A2-1F97B9076F8E}.Debug|Any CPU.ActiveCfg = Debug|x86
		{FCD012F7-B73C-4086-86A2-1F97B9076F8E}.Debug|Any CPU.Build.0 = Debug|x86
		{FCD012F7-B73C-4086-86A2-1F97B9076F8E}.Debug|Any CPU.Deploy.0 = Debug|x86
		{FCD012F7-B73C-4086-86A2-1F97B9076F8E}.Debug|ARM.ActiveCfg = Debug|ARM
		{FCD012F7-B73C-4086-86A2-1F97B9076F8E}.Debug|ARM.Build.0 = Debug|ARM
		{FCD012F7-B73C-4086-86A2-1F97B9076F8E}.Debug|ARM.Deploy.0 = Debug|ARM
		{FCD012F7-B73C-4086-86A2-1F97B9076F8E}.Debug|ARM64.ActiveCfg = Debug|ARM64
		{FCD012F7-B73C-4086-86A2-1F97B9076F8E}.Debug|ARM64.Build.0 = Debug|ARM64
		{FCD012F7-B73C-4086-86A2-1F97B9076F8E}.Debug|ARM64.Deploy.0 = Debug|ARM64
		{FCD012F7-B73C-4086-86A2-1F97B9076F8E}.Debug|iPhone.ActiveCfg = Debug|x86
		{FCD012F7-B73C-4086-86A2-1F97B9076F8E}.Debug|iPhoneSimulator.ActiveCfg = Debug|x86
		{FCD012F7-B73C-4086-86A2-1F97B9076F8E}.Debug|x64.ActiveCfg = Debug|x64
		{FCD012F7-B73C-4086-86A2-1F97B9076F8E}.Debug|x64.Build.0 = Debug|x64
		{FCD012F7-B73C-4086-86A2-1F97B9076F8E}.Debug|x64.Deploy.0 = Debug|x64
		{FCD012F7-B73C-4086-86A2-1F97B9076F8E}.Debug|x86.ActiveCfg = Debug|x86
		{FCD012F7-B73C-4086-86A2-1F97B9076F8E}.Debug|x86.Build.0 = Debug|x86
		{FCD012F7-B73C-4086-86A2-1F97B9076F8E}.Debug|x86.Deploy.0 = Debug|x86
		{FCD012F7-B73C-4086-86A2-1F97B9076F8E}.Release|Any CPU.ActiveCfg = Release|x86
		{FCD012F7-B73C-4086-86A2-1F97B9076F8E}.Release|ARM.ActiveCfg = Release|ARM
		{FCD012F7-B73C-4086-86A2-1F97B9076F8E}.Release|ARM.Build.0 = Release|ARM
		{FCD012F7-B73C-4086-86A2-1F97B9076F8E}.Release|ARM.Deploy.0 = Release|ARM
		{FCD012F7-B73C-4086-86A2-1F97B9076F8E}.Release|ARM64.ActiveCfg = Release|ARM64
		{FCD012F7-B73C-4086-86A2-1F97B9076F8E}.Release|ARM64.Build.0 = Release|ARM64
		{FCD012F7-B73C-4086-86A2-1F97B9076F8E}.Release|ARM64.Deploy.0 = Release|ARM64
		{FCD012F7-B73C-4086-86A2-1F97B9076F8E}.Release|iPhone.ActiveCfg = Release|x86
		{FCD012F7-B73C-4086-86A2-1F97B9076F8E}.Release|iPhoneSimulator.ActiveCfg = Release|x86
		{FCD012F7-B73C-4086-86A2-1F97B9076F8E}.Release|x64.ActiveCfg = Release|x64
		{FCD012F7-B73C-4086-86A2-1F97B9076F8E}.Release|x64.Build.0 = Release|x64
		{FCD012F7-B73C-4086-86A2-1F97B9076F8E}.Release|x64.Deploy.0 = Release|x64
		{FCD012F7-B73C-4086-86A2-1F97B9076F8E}.Release|x86.ActiveCfg = Release|x86
		{FCD012F7-B73C-4086-86A2-1F97B9076F8E}.Release|x86.Build.0 = Release|x86
		{FCD012F7-B73C-4086-86A2-1F97B9076F8E}.Release|x86.Deploy.0 = Release|x86
		{A322109D-1CE1-4120-BD2A-4F03BAD75D16}.Ad-Hoc|Any CPU.ActiveCfg = Debug|Any CPU
		{A322109D-1CE1-4120-BD2A-4F03BAD75D16}.Ad-Hoc|Any CPU.Build.0 = Debug|Any CPU
		{A322109D-1CE1-4120-BD2A-4F03BAD75D16}.Ad-Hoc|ARM.ActiveCfg = Debug|Any CPU
		{A322109D-1CE1-4120-BD2A-4F03BAD75D16}.Ad-Hoc|ARM.Build.0 = Debug|Any CPU
		{A322109D-1CE1-4120-BD2A-4F03BAD75D16}.Ad-Hoc|ARM64.ActiveCfg = Debug|Any CPU
		{A322109D-1CE1-4120-BD2A-4F03BAD75D16}.Ad-Hoc|ARM64.Build.0 = Debug|Any CPU
		{A322109D-1CE1-4120-BD2A-4F03BAD75D16}.Ad-Hoc|iPhone.ActiveCfg = Debug|Any CPU
		{A322109D-1CE1-4120-BD2A-4F03BAD75D16}.Ad-Hoc|iPhone.Build.0 = Debug|Any CPU
		{A322109D-1CE1-4120-BD2A-4F03BAD75D16}.Ad-Hoc|iPhoneSimulator.ActiveCfg = Debug|Any CPU
		{A322109D-1CE1-4120-BD2A-4F03BAD75D16}.Ad-Hoc|iPhoneSimulator.Build.0 = Debug|Any CPU
		{A322109D-1CE1-4120-BD2A-4F03BAD75D16}.Ad-Hoc|x64.ActiveCfg = Debug|Any CPU
		{A322109D-1CE1-4120-BD2A-4F03BAD75D16}.Ad-Hoc|x64.Build.0 = Debug|Any CPU
		{A322109D-1CE1-4120-BD2A-4F03BAD75D16}.Ad-Hoc|x86.ActiveCfg = Debug|Any CPU
		{A322109D-1CE1-4120-BD2A-4F03BAD75D16}.Ad-Hoc|x86.Build.0 = Debug|Any CPU
		{A322109D-1CE1-4120-BD2A-4F03BAD75D16}.AppStore|Any CPU.ActiveCfg = Debug|Any CPU
		{A322109D-1CE1-4120-BD2A-4F03BAD75D16}.AppStore|Any CPU.Build.0 = Debug|Any CPU
		{A322109D-1CE1-4120-BD2A-4F03BAD75D16}.AppStore|ARM.ActiveCfg = Debug|Any CPU
		{A322109D-1CE1-4120-BD2A-4F03BAD75D16}.AppStore|ARM.Build.0 = Debug|Any CPU
		{A322109D-1CE1-4120-BD2A-4F03BAD75D16}.AppStore|ARM64.ActiveCfg = Debug|Any CPU
		{A322109D-1CE1-4120-BD2A-4F03BAD75D16}.AppStore|ARM64.Build.0 = Debug|Any CPU
		{A322109D-1CE1-4120-BD2A-4F03BAD75D16}.AppStore|iPhone.ActiveCfg = Debug|Any CPU
		{A322109D-1CE1-4120-BD2A-4F03BAD75D16}.AppStore|iPhone.Build.0 = Debug|Any CPU
		{A322109D-1CE1-4120-BD2A-4F03BAD75D16}.AppStore|iPhoneSimulator.ActiveCfg = Debug|Any CPU
		{A322109D-1CE1-4120-BD2A-4F03BAD75D16}.AppStore|iPhoneSimulator.Build.0 = Debug|Any CPU
		{A322109D-1CE1-4120-BD2A-4F03BAD75D16}.AppStore|x64.ActiveCfg = Debug|Any CPU
		{A322109D-1CE1-4120-BD2A-4F03BAD75D16}.AppStore|x64.Build.0 = Debug|Any CPU
		{A322109D-1CE1-4120-BD2A-4F03BAD75D16}.AppStore|x86.ActiveCfg = Debug|Any CPU
		{A322109D-1CE1-4120-BD2A-4F03BAD75D16}.AppStore|x86.Build.0 = Debug|Any CPU
		{A322109D-1CE1-4120-BD2A-4F03BAD75D16}.Debug|Any CPU.ActiveCfg = Debug|Any CPU
		{A322109D-1CE1-4120-BD2A-4F03BAD75D16}.Debug|Any CPU.Build.0 = Debug|Any CPU
		{A322109D-1CE1-4120-BD2A-4F03BAD75D16}.Debug|ARM.ActiveCfg = Debug|Any CPU
		{A322109D-1CE1-4120-BD2A-4F03BAD75D16}.Debug|ARM.Build.0 = Debug|Any CPU
		{A322109D-1CE1-4120-BD2A-4F03BAD75D16}.Debug|ARM64.ActiveCfg = Debug|Any CPU
		{A322109D-1CE1-4120-BD2A-4F03BAD75D16}.Debug|ARM64.Build.0 = Debug|Any CPU
		{A322109D-1CE1-4120-BD2A-4F03BAD75D16}.Debug|iPhone.ActiveCfg = Debug|Any CPU
		{A322109D-1CE1-4120-BD2A-4F03BAD75D16}.Debug|iPhone.Build.0 = Debug|Any CPU
		{A322109D-1CE1-4120-BD2A-4F03BAD75D16}.Debug|iPhoneSimulator.ActiveCfg = Debug|Any CPU
		{A322109D-1CE1-4120-BD2A-4F03BAD75D16}.Debug|iPhoneSimulator.Build.0 = Debug|Any CPU
		{A322109D-1CE1-4120-BD2A-4F03BAD75D16}.Debug|x64.ActiveCfg = Debug|Any CPU
		{A322109D-1CE1-4120-BD2A-4F03BAD75D16}.Debug|x64.Build.0 = Debug|Any CPU
		{A322109D-1CE1-4120-BD2A-4F03BAD75D16}.Debug|x86.ActiveCfg = Debug|Any CPU
		{A322109D-1CE1-4120-BD2A-4F03BAD75D16}.Debug|x86.Build.0 = Debug|Any CPU
		{A322109D-1CE1-4120-BD2A-4F03BAD75D16}.Release|Any CPU.ActiveCfg = Release|Any CPU
		{A322109D-1CE1-4120-BD2A-4F03BAD75D16}.Release|Any CPU.Build.0 = Release|Any CPU
		{A322109D-1CE1-4120-BD2A-4F03BAD75D16}.Release|ARM.ActiveCfg = Release|Any CPU
		{A322109D-1CE1-4120-BD2A-4F03BAD75D16}.Release|ARM.Build.0 = Release|Any CPU
		{A322109D-1CE1-4120-BD2A-4F03BAD75D16}.Release|ARM64.ActiveCfg = Release|Any CPU
		{A322109D-1CE1-4120-BD2A-4F03BAD75D16}.Release|ARM64.Build.0 = Release|Any CPU
		{A322109D-1CE1-4120-BD2A-4F03BAD75D16}.Release|iPhone.ActiveCfg = Release|Any CPU
		{A322109D-1CE1-4120-BD2A-4F03BAD75D16}.Release|iPhone.Build.0 = Release|Any CPU
		{A322109D-1CE1-4120-BD2A-4F03BAD75D16}.Release|iPhoneSimulator.ActiveCfg = Release|Any CPU
		{A322109D-1CE1-4120-BD2A-4F03BAD75D16}.Release|iPhoneSimulator.Build.0 = Release|Any CPU
		{A322109D-1CE1-4120-BD2A-4F03BAD75D16}.Release|x64.ActiveCfg = Release|Any CPU
		{A322109D-1CE1-4120-BD2A-4F03BAD75D16}.Release|x64.Build.0 = Release|Any CPU
		{A322109D-1CE1-4120-BD2A-4F03BAD75D16}.Release|x86.ActiveCfg = Release|Any CPU
		{A322109D-1CE1-4120-BD2A-4F03BAD75D16}.Release|x86.Build.0 = Release|Any CPU
		{24497BCC-E479-40AE-98C3-0E9BAE3AFEFD}.Ad-Hoc|Any CPU.ActiveCfg = Debug|iPhoneSimulator
		{24497BCC-E479-40AE-98C3-0E9BAE3AFEFD}.Ad-Hoc|Any CPU.Build.0 = Debug|iPhoneSimulator
		{24497BCC-E479-40AE-98C3-0E9BAE3AFEFD}.Ad-Hoc|ARM.ActiveCfg = Debug|iPhoneSimulator
		{24497BCC-E479-40AE-98C3-0E9BAE3AFEFD}.Ad-Hoc|ARM.Build.0 = Debug|iPhoneSimulator
		{24497BCC-E479-40AE-98C3-0E9BAE3AFEFD}.Ad-Hoc|ARM64.ActiveCfg = Debug|iPhoneSimulator
		{24497BCC-E479-40AE-98C3-0E9BAE3AFEFD}.Ad-Hoc|ARM64.Build.0 = Debug|iPhoneSimulator
		{24497BCC-E479-40AE-98C3-0E9BAE3AFEFD}.Ad-Hoc|iPhone.ActiveCfg = Debug|iPhoneSimulator
		{24497BCC-E479-40AE-98C3-0E9BAE3AFEFD}.Ad-Hoc|iPhone.Build.0 = Debug|iPhoneSimulator
		{24497BCC-E479-40AE-98C3-0E9BAE3AFEFD}.Ad-Hoc|iPhoneSimulator.ActiveCfg = Debug|iPhoneSimulator
		{24497BCC-E479-40AE-98C3-0E9BAE3AFEFD}.Ad-Hoc|iPhoneSimulator.Build.0 = Debug|iPhoneSimulator
		{24497BCC-E479-40AE-98C3-0E9BAE3AFEFD}.Ad-Hoc|x64.ActiveCfg = Debug|iPhoneSimulator
		{24497BCC-E479-40AE-98C3-0E9BAE3AFEFD}.Ad-Hoc|x64.Build.0 = Debug|iPhoneSimulator
		{24497BCC-E479-40AE-98C3-0E9BAE3AFEFD}.Ad-Hoc|x86.ActiveCfg = Debug|iPhoneSimulator
		{24497BCC-E479-40AE-98C3-0E9BAE3AFEFD}.Ad-Hoc|x86.Build.0 = Debug|iPhoneSimulator
		{24497BCC-E479-40AE-98C3-0E9BAE3AFEFD}.AppStore|Any CPU.ActiveCfg = Debug|iPhoneSimulator
		{24497BCC-E479-40AE-98C3-0E9BAE3AFEFD}.AppStore|Any CPU.Build.0 = Debug|iPhoneSimulator
		{24497BCC-E479-40AE-98C3-0E9BAE3AFEFD}.AppStore|ARM.ActiveCfg = Debug|iPhoneSimulator
		{24497BCC-E479-40AE-98C3-0E9BAE3AFEFD}.AppStore|ARM.Build.0 = Debug|iPhoneSimulator
		{24497BCC-E479-40AE-98C3-0E9BAE3AFEFD}.AppStore|ARM64.ActiveCfg = Debug|iPhoneSimulator
		{24497BCC-E479-40AE-98C3-0E9BAE3AFEFD}.AppStore|ARM64.Build.0 = Debug|iPhoneSimulator
		{24497BCC-E479-40AE-98C3-0E9BAE3AFEFD}.AppStore|iPhone.ActiveCfg = Debug|iPhoneSimulator
		{24497BCC-E479-40AE-98C3-0E9BAE3AFEFD}.AppStore|iPhone.Build.0 = Debug|iPhoneSimulator
		{24497BCC-E479-40AE-98C3-0E9BAE3AFEFD}.AppStore|iPhoneSimulator.ActiveCfg = Debug|iPhoneSimulator
		{24497BCC-E479-40AE-98C3-0E9BAE3AFEFD}.AppStore|iPhoneSimulator.Build.0 = Debug|iPhoneSimulator
		{24497BCC-E479-40AE-98C3-0E9BAE3AFEFD}.AppStore|x64.ActiveCfg = Debug|iPhoneSimulator
		{24497BCC-E479-40AE-98C3-0E9BAE3AFEFD}.AppStore|x64.Build.0 = Debug|iPhoneSimulator
		{24497BCC-E479-40AE-98C3-0E9BAE3AFEFD}.AppStore|x86.ActiveCfg = Debug|iPhoneSimulator
		{24497BCC-E479-40AE-98C3-0E9BAE3AFEFD}.AppStore|x86.Build.0 = Debug|iPhoneSimulator
		{24497BCC-E479-40AE-98C3-0E9BAE3AFEFD}.Debug|Any CPU.ActiveCfg = Debug|iPhoneSimulator
		{24497BCC-E479-40AE-98C3-0E9BAE3AFEFD}.Debug|ARM.ActiveCfg = Debug|iPhoneSimulator
		{24497BCC-E479-40AE-98C3-0E9BAE3AFEFD}.Debug|ARM64.ActiveCfg = Debug|iPhoneSimulator
		{24497BCC-E479-40AE-98C3-0E9BAE3AFEFD}.Debug|iPhone.ActiveCfg = Debug|iPhoneSimulator
		{24497BCC-E479-40AE-98C3-0E9BAE3AFEFD}.Debug|iPhoneSimulator.ActiveCfg = Debug|iPhoneSimulator
		{24497BCC-E479-40AE-98C3-0E9BAE3AFEFD}.Debug|iPhoneSimulator.Build.0 = Debug|iPhoneSimulator
		{24497BCC-E479-40AE-98C3-0E9BAE3AFEFD}.Debug|x64.ActiveCfg = Debug|iPhoneSimulator
		{24497BCC-E479-40AE-98C3-0E9BAE3AFEFD}.Debug|x86.ActiveCfg = Debug|iPhoneSimulator
		{24497BCC-E479-40AE-98C3-0E9BAE3AFEFD}.Release|Any CPU.ActiveCfg = Release|iPhoneSimulator
		{24497BCC-E479-40AE-98C3-0E9BAE3AFEFD}.Release|ARM.ActiveCfg = Release|iPhoneSimulator
		{24497BCC-E479-40AE-98C3-0E9BAE3AFEFD}.Release|ARM64.ActiveCfg = Release|iPhoneSimulator
		{24497BCC-E479-40AE-98C3-0E9BAE3AFEFD}.Release|iPhone.ActiveCfg = Release|iPhoneSimulator
		{24497BCC-E479-40AE-98C3-0E9BAE3AFEFD}.Release|iPhoneSimulator.ActiveCfg = Release|iPhoneSimulator
		{24497BCC-E479-40AE-98C3-0E9BAE3AFEFD}.Release|iPhoneSimulator.Build.0 = Release|iPhoneSimulator
		{24497BCC-E479-40AE-98C3-0E9BAE3AFEFD}.Release|x64.ActiveCfg = Release|iPhoneSimulator
		{24497BCC-E479-40AE-98C3-0E9BAE3AFEFD}.Release|x86.ActiveCfg = Release|iPhoneSimulator
		{EF622168-49D4-47E4-A1C5-45AD8123360A}.Ad-Hoc|Any CPU.ActiveCfg = Debug|Any CPU
		{EF622168-49D4-47E4-A1C5-45AD8123360A}.Ad-Hoc|Any CPU.Build.0 = Debug|Any CPU
		{EF622168-49D4-47E4-A1C5-45AD8123360A}.Ad-Hoc|ARM.ActiveCfg = Debug|Any CPU
		{EF622168-49D4-47E4-A1C5-45AD8123360A}.Ad-Hoc|ARM.Build.0 = Debug|Any CPU
		{EF622168-49D4-47E4-A1C5-45AD8123360A}.Ad-Hoc|ARM64.ActiveCfg = Debug|Any CPU
		{EF622168-49D4-47E4-A1C5-45AD8123360A}.Ad-Hoc|ARM64.Build.0 = Debug|Any CPU
		{EF622168-49D4-47E4-A1C5-45AD8123360A}.Ad-Hoc|iPhone.ActiveCfg = Debug|Any CPU
		{EF622168-49D4-47E4-A1C5-45AD8123360A}.Ad-Hoc|iPhone.Build.0 = Debug|Any CPU
		{EF622168-49D4-47E4-A1C5-45AD8123360A}.Ad-Hoc|iPhoneSimulator.ActiveCfg = Debug|Any CPU
		{EF622168-49D4-47E4-A1C5-45AD8123360A}.Ad-Hoc|iPhoneSimulator.Build.0 = Debug|Any CPU
		{EF622168-49D4-47E4-A1C5-45AD8123360A}.Ad-Hoc|x64.ActiveCfg = Debug|Any CPU
		{EF622168-49D4-47E4-A1C5-45AD8123360A}.Ad-Hoc|x64.Build.0 = Debug|Any CPU
		{EF622168-49D4-47E4-A1C5-45AD8123360A}.Ad-Hoc|x86.ActiveCfg = Debug|Any CPU
		{EF622168-49D4-47E4-A1C5-45AD8123360A}.Ad-Hoc|x86.Build.0 = Debug|Any CPU
		{EF622168-49D4-47E4-A1C5-45AD8123360A}.AppStore|Any CPU.ActiveCfg = Debug|Any CPU
		{EF622168-49D4-47E4-A1C5-45AD8123360A}.AppStore|Any CPU.Build.0 = Debug|Any CPU
		{EF622168-49D4-47E4-A1C5-45AD8123360A}.AppStore|ARM.ActiveCfg = Debug|Any CPU
		{EF622168-49D4-47E4-A1C5-45AD8123360A}.AppStore|ARM.Build.0 = Debug|Any CPU
		{EF622168-49D4-47E4-A1C5-45AD8123360A}.AppStore|ARM64.ActiveCfg = Debug|Any CPU
		{EF622168-49D4-47E4-A1C5-45AD8123360A}.AppStore|ARM64.Build.0 = Debug|Any CPU
		{EF622168-49D4-47E4-A1C5-45AD8123360A}.AppStore|iPhone.ActiveCfg = Debug|Any CPU
		{EF622168-49D4-47E4-A1C5-45AD8123360A}.AppStore|iPhone.Build.0 = Debug|Any CPU
		{EF622168-49D4-47E4-A1C5-45AD8123360A}.AppStore|iPhoneSimulator.ActiveCfg = Debug|Any CPU
		{EF622168-49D4-47E4-A1C5-45AD8123360A}.AppStore|iPhoneSimulator.Build.0 = Debug|Any CPU
		{EF622168-49D4-47E4-A1C5-45AD8123360A}.AppStore|x64.ActiveCfg = Debug|Any CPU
		{EF622168-49D4-47E4-A1C5-45AD8123360A}.AppStore|x64.Build.0 = Debug|Any CPU
		{EF622168-49D4-47E4-A1C5-45AD8123360A}.AppStore|x86.ActiveCfg = Debug|Any CPU
		{EF622168-49D4-47E4-A1C5-45AD8123360A}.AppStore|x86.Build.0 = Debug|Any CPU
		{EF622168-49D4-47E4-A1C5-45AD8123360A}.Debug|Any CPU.ActiveCfg = Debug|Any CPU
		{EF622168-49D4-47E4-A1C5-45AD8123360A}.Debug|Any CPU.Build.0 = Debug|Any CPU
		{EF622168-49D4-47E4-A1C5-45AD8123360A}.Debug|ARM.ActiveCfg = Debug|Any CPU
		{EF622168-49D4-47E4-A1C5-45AD8123360A}.Debug|ARM.Build.0 = Debug|Any CPU
		{EF622168-49D4-47E4-A1C5-45AD8123360A}.Debug|ARM64.ActiveCfg = Debug|Any CPU
		{EF622168-49D4-47E4-A1C5-45AD8123360A}.Debug|ARM64.Build.0 = Debug|Any CPU
		{EF622168-49D4-47E4-A1C5-45AD8123360A}.Debug|iPhone.ActiveCfg = Debug|Any CPU
		{EF622168-49D4-47E4-A1C5-45AD8123360A}.Debug|iPhone.Build.0 = Debug|Any CPU
		{EF622168-49D4-47E4-A1C5-45AD8123360A}.Debug|iPhoneSimulator.ActiveCfg = Debug|Any CPU
		{EF622168-49D4-47E4-A1C5-45AD8123360A}.Debug|iPhoneSimulator.Build.0 = Debug|Any CPU
		{EF622168-49D4-47E4-A1C5-45AD8123360A}.Debug|x64.ActiveCfg = Debug|Any CPU
		{EF622168-49D4-47E4-A1C5-45AD8123360A}.Debug|x64.Build.0 = Debug|Any CPU
		{EF622168-49D4-47E4-A1C5-45AD8123360A}.Debug|x86.ActiveCfg = Debug|Any CPU
		{EF622168-49D4-47E4-A1C5-45AD8123360A}.Debug|x86.Build.0 = Debug|Any CPU
		{EF622168-49D4-47E4-A1C5-45AD8123360A}.Release|Any CPU.ActiveCfg = Release|Any CPU
		{EF622168-49D4-47E4-A1C5-45AD8123360A}.Release|Any CPU.Build.0 = Release|Any CPU
		{EF622168-49D4-47E4-A1C5-45AD8123360A}.Release|ARM.ActiveCfg = Release|Any CPU
		{EF622168-49D4-47E4-A1C5-45AD8123360A}.Release|ARM.Build.0 = Release|Any CPU
		{EF622168-49D4-47E4-A1C5-45AD8123360A}.Release|ARM64.ActiveCfg = Release|Any CPU
		{EF622168-49D4-47E4-A1C5-45AD8123360A}.Release|ARM64.Build.0 = Release|Any CPU
		{EF622168-49D4-47E4-A1C5-45AD8123360A}.Release|iPhone.ActiveCfg = Release|Any CPU
		{EF622168-49D4-47E4-A1C5-45AD8123360A}.Release|iPhone.Build.0 = Release|Any CPU
		{EF622168-49D4-47E4-A1C5-45AD8123360A}.Release|iPhoneSimulator.ActiveCfg = Release|Any CPU
		{EF622168-49D4-47E4-A1C5-45AD8123360A}.Release|iPhoneSimulator.Build.0 = Release|Any CPU
		{EF622168-49D4-47E4-A1C5-45AD8123360A}.Release|x64.ActiveCfg = Release|Any CPU
		{EF622168-49D4-47E4-A1C5-45AD8123360A}.Release|x64.Build.0 = Release|Any CPU
		{EF622168-49D4-47E4-A1C5-45AD8123360A}.Release|x86.ActiveCfg = Release|Any CPU
		{EF622168-49D4-47E4-A1C5-45AD8123360A}.Release|x86.Build.0 = Release|Any CPU
		{4211E1AE-1242-43DB-B0D6-BED1DFC785F4}.Ad-Hoc|Any CPU.ActiveCfg = Debug|Any CPU
		{4211E1AE-1242-43DB-B0D6-BED1DFC785F4}.Ad-Hoc|Any CPU.Build.0 = Debug|Any CPU
		{4211E1AE-1242-43DB-B0D6-BED1DFC785F4}.Ad-Hoc|ARM.ActiveCfg = Debug|Any CPU
		{4211E1AE-1242-43DB-B0D6-BED1DFC785F4}.Ad-Hoc|ARM.Build.0 = Debug|Any CPU
		{4211E1AE-1242-43DB-B0D6-BED1DFC785F4}.Ad-Hoc|ARM64.ActiveCfg = Debug|Any CPU
		{4211E1AE-1242-43DB-B0D6-BED1DFC785F4}.Ad-Hoc|ARM64.Build.0 = Debug|Any CPU
		{4211E1AE-1242-43DB-B0D6-BED1DFC785F4}.Ad-Hoc|iPhone.ActiveCfg = Debug|Any CPU
		{4211E1AE-1242-43DB-B0D6-BED1DFC785F4}.Ad-Hoc|iPhone.Build.0 = Debug|Any CPU
		{4211E1AE-1242-43DB-B0D6-BED1DFC785F4}.Ad-Hoc|iPhoneSimulator.ActiveCfg = Debug|Any CPU
		{4211E1AE-1242-43DB-B0D6-BED1DFC785F4}.Ad-Hoc|iPhoneSimulator.Build.0 = Debug|Any CPU
		{4211E1AE-1242-43DB-B0D6-BED1DFC785F4}.Ad-Hoc|x64.ActiveCfg = Debug|Any CPU
		{4211E1AE-1242-43DB-B0D6-BED1DFC785F4}.Ad-Hoc|x64.Build.0 = Debug|Any CPU
		{4211E1AE-1242-43DB-B0D6-BED1DFC785F4}.Ad-Hoc|x86.ActiveCfg = Debug|Any CPU
		{4211E1AE-1242-43DB-B0D6-BED1DFC785F4}.Ad-Hoc|x86.Build.0 = Debug|Any CPU
		{4211E1AE-1242-43DB-B0D6-BED1DFC785F4}.AppStore|Any CPU.ActiveCfg = Debug|Any CPU
		{4211E1AE-1242-43DB-B0D6-BED1DFC785F4}.AppStore|Any CPU.Build.0 = Debug|Any CPU
		{4211E1AE-1242-43DB-B0D6-BED1DFC785F4}.AppStore|ARM.ActiveCfg = Debug|Any CPU
		{4211E1AE-1242-43DB-B0D6-BED1DFC785F4}.AppStore|ARM.Build.0 = Debug|Any CPU
		{4211E1AE-1242-43DB-B0D6-BED1DFC785F4}.AppStore|ARM64.ActiveCfg = Debug|Any CPU
		{4211E1AE-1242-43DB-B0D6-BED1DFC785F4}.AppStore|ARM64.Build.0 = Debug|Any CPU
		{4211E1AE-1242-43DB-B0D6-BED1DFC785F4}.AppStore|iPhone.ActiveCfg = Debug|Any CPU
		{4211E1AE-1242-43DB-B0D6-BED1DFC785F4}.AppStore|iPhone.Build.0 = Debug|Any CPU
		{4211E1AE-1242-43DB-B0D6-BED1DFC785F4}.AppStore|iPhoneSimulator.ActiveCfg = Debug|Any CPU
		{4211E1AE-1242-43DB-B0D6-BED1DFC785F4}.AppStore|iPhoneSimulator.Build.0 = Debug|Any CPU
		{4211E1AE-1242-43DB-B0D6-BED1DFC785F4}.AppStore|x64.ActiveCfg = Debug|Any CPU
		{4211E1AE-1242-43DB-B0D6-BED1DFC785F4}.AppStore|x64.Build.0 = Debug|Any CPU
		{4211E1AE-1242-43DB-B0D6-BED1DFC785F4}.AppStore|x86.ActiveCfg = Debug|Any CPU
		{4211E1AE-1242-43DB-B0D6-BED1DFC785F4}.AppStore|x86.Build.0 = Debug|Any CPU
		{4211E1AE-1242-43DB-B0D6-BED1DFC785F4}.Debug|Any CPU.ActiveCfg = Debug|Any CPU
		{4211E1AE-1242-43DB-B0D6-BED1DFC785F4}.Debug|Any CPU.Build.0 = Debug|Any CPU
		{4211E1AE-1242-43DB-B0D6-BED1DFC785F4}.Debug|ARM.ActiveCfg = Debug|Any CPU
		{4211E1AE-1242-43DB-B0D6-BED1DFC785F4}.Debug|ARM.Build.0 = Debug|Any CPU
		{4211E1AE-1242-43DB-B0D6-BED1DFC785F4}.Debug|ARM64.ActiveCfg = Debug|Any CPU
		{4211E1AE-1242-43DB-B0D6-BED1DFC785F4}.Debug|ARM64.Build.0 = Debug|Any CPU
		{4211E1AE-1242-43DB-B0D6-BED1DFC785F4}.Debug|iPhone.ActiveCfg = Debug|Any CPU
		{4211E1AE-1242-43DB-B0D6-BED1DFC785F4}.Debug|iPhone.Build.0 = Debug|Any CPU
		{4211E1AE-1242-43DB-B0D6-BED1DFC785F4}.Debug|iPhoneSimulator.ActiveCfg = Debug|Any CPU
		{4211E1AE-1242-43DB-B0D6-BED1DFC785F4}.Debug|iPhoneSimulator.Build.0 = Debug|Any CPU
		{4211E1AE-1242-43DB-B0D6-BED1DFC785F4}.Debug|x64.ActiveCfg = Debug|Any CPU
		{4211E1AE-1242-43DB-B0D6-BED1DFC785F4}.Debug|x64.Build.0 = Debug|Any CPU
		{4211E1AE-1242-43DB-B0D6-BED1DFC785F4}.Debug|x86.ActiveCfg = Debug|Any CPU
		{4211E1AE-1242-43DB-B0D6-BED1DFC785F4}.Debug|x86.Build.0 = Debug|Any CPU
		{4211E1AE-1242-43DB-B0D6-BED1DFC785F4}.Release|Any CPU.ActiveCfg = Release|Any CPU
		{4211E1AE-1242-43DB-B0D6-BED1DFC785F4}.Release|Any CPU.Build.0 = Release|Any CPU
		{4211E1AE-1242-43DB-B0D6-BED1DFC785F4}.Release|ARM.ActiveCfg = Release|Any CPU
		{4211E1AE-1242-43DB-B0D6-BED1DFC785F4}.Release|ARM.Build.0 = Release|Any CPU
		{4211E1AE-1242-43DB-B0D6-BED1DFC785F4}.Release|ARM64.ActiveCfg = Release|Any CPU
		{4211E1AE-1242-43DB-B0D6-BED1DFC785F4}.Release|ARM64.Build.0 = Release|Any CPU
		{4211E1AE-1242-43DB-B0D6-BED1DFC785F4}.Release|iPhone.ActiveCfg = Release|Any CPU
		{4211E1AE-1242-43DB-B0D6-BED1DFC785F4}.Release|iPhone.Build.0 = Release|Any CPU
		{4211E1AE-1242-43DB-B0D6-BED1DFC785F4}.Release|iPhoneSimulator.ActiveCfg = Release|Any CPU
		{4211E1AE-1242-43DB-B0D6-BED1DFC785F4}.Release|iPhoneSimulator.Build.0 = Release|Any CPU
		{4211E1AE-1242-43DB-B0D6-BED1DFC785F4}.Release|x64.ActiveCfg = Release|Any CPU
		{4211E1AE-1242-43DB-B0D6-BED1DFC785F4}.Release|x64.Build.0 = Release|Any CPU
		{4211E1AE-1242-43DB-B0D6-BED1DFC785F4}.Release|x86.ActiveCfg = Release|Any CPU
		{4211E1AE-1242-43DB-B0D6-BED1DFC785F4}.Release|x86.Build.0 = Release|Any CPU
		{D102E49C-ABC8-4ACC-9E28-D67C6EFD1DC9}.Ad-Hoc|Any CPU.ActiveCfg = Debug|Any CPU
		{D102E49C-ABC8-4ACC-9E28-D67C6EFD1DC9}.Ad-Hoc|Any CPU.Build.0 = Debug|Any CPU
		{D102E49C-ABC8-4ACC-9E28-D67C6EFD1DC9}.Ad-Hoc|ARM.ActiveCfg = Debug|Any CPU
		{D102E49C-ABC8-4ACC-9E28-D67C6EFD1DC9}.Ad-Hoc|ARM.Build.0 = Debug|Any CPU
		{D102E49C-ABC8-4ACC-9E28-D67C6EFD1DC9}.Ad-Hoc|ARM64.ActiveCfg = Debug|Any CPU
		{D102E49C-ABC8-4ACC-9E28-D67C6EFD1DC9}.Ad-Hoc|ARM64.Build.0 = Debug|Any CPU
		{D102E49C-ABC8-4ACC-9E28-D67C6EFD1DC9}.Ad-Hoc|iPhone.ActiveCfg = Debug|Any CPU
		{D102E49C-ABC8-4ACC-9E28-D67C6EFD1DC9}.Ad-Hoc|iPhone.Build.0 = Debug|Any CPU
		{D102E49C-ABC8-4ACC-9E28-D67C6EFD1DC9}.Ad-Hoc|iPhoneSimulator.ActiveCfg = Debug|Any CPU
		{D102E49C-ABC8-4ACC-9E28-D67C6EFD1DC9}.Ad-Hoc|iPhoneSimulator.Build.0 = Debug|Any CPU
		{D102E49C-ABC8-4ACC-9E28-D67C6EFD1DC9}.Ad-Hoc|x64.ActiveCfg = Debug|Any CPU
		{D102E49C-ABC8-4ACC-9E28-D67C6EFD1DC9}.Ad-Hoc|x64.Build.0 = Debug|Any CPU
		{D102E49C-ABC8-4ACC-9E28-D67C6EFD1DC9}.Ad-Hoc|x86.ActiveCfg = Debug|Any CPU
		{D102E49C-ABC8-4ACC-9E28-D67C6EFD1DC9}.Ad-Hoc|x86.Build.0 = Debug|Any CPU
		{D102E49C-ABC8-4ACC-9E28-D67C6EFD1DC9}.AppStore|Any CPU.ActiveCfg = Debug|Any CPU
		{D102E49C-ABC8-4ACC-9E28-D67C6EFD1DC9}.AppStore|Any CPU.Build.0 = Debug|Any CPU
		{D102E49C-ABC8-4ACC-9E28-D67C6EFD1DC9}.AppStore|ARM.ActiveCfg = Debug|Any CPU
		{D102E49C-ABC8-4ACC-9E28-D67C6EFD1DC9}.AppStore|ARM.Build.0 = Debug|Any CPU
		{D102E49C-ABC8-4ACC-9E28-D67C6EFD1DC9}.AppStore|ARM64.ActiveCfg = Debug|Any CPU
		{D102E49C-ABC8-4ACC-9E28-D67C6EFD1DC9}.AppStore|ARM64.Build.0 = Debug|Any CPU
		{D102E49C-ABC8-4ACC-9E28-D67C6EFD1DC9}.AppStore|iPhone.ActiveCfg = Debug|Any CPU
		{D102E49C-ABC8-4ACC-9E28-D67C6EFD1DC9}.AppStore|iPhone.Build.0 = Debug|Any CPU
		{D102E49C-ABC8-4ACC-9E28-D67C6EFD1DC9}.AppStore|iPhoneSimulator.ActiveCfg = Debug|Any CPU
		{D102E49C-ABC8-4ACC-9E28-D67C6EFD1DC9}.AppStore|iPhoneSimulator.Build.0 = Debug|Any CPU
		{D102E49C-ABC8-4ACC-9E28-D67C6EFD1DC9}.AppStore|x64.ActiveCfg = Debug|Any CPU
		{D102E49C-ABC8-4ACC-9E28-D67C6EFD1DC9}.AppStore|x64.Build.0 = Debug|Any CPU
		{D102E49C-ABC8-4ACC-9E28-D67C6EFD1DC9}.AppStore|x86.ActiveCfg = Debug|Any CPU
		{D102E49C-ABC8-4ACC-9E28-D67C6EFD1DC9}.AppStore|x86.Build.0 = Debug|Any CPU
		{D102E49C-ABC8-4ACC-9E28-D67C6EFD1DC9}.Debug|Any CPU.ActiveCfg = Debug|Any CPU
		{D102E49C-ABC8-4ACC-9E28-D67C6EFD1DC9}.Debug|Any CPU.Build.0 = Debug|Any CPU
		{D102E49C-ABC8-4ACC-9E28-D67C6EFD1DC9}.Debug|ARM.ActiveCfg = Debug|Any CPU
		{D102E49C-ABC8-4ACC-9E28-D67C6EFD1DC9}.Debug|ARM.Build.0 = Debug|Any CPU
		{D102E49C-ABC8-4ACC-9E28-D67C6EFD1DC9}.Debug|ARM64.ActiveCfg = Debug|Any CPU
		{D102E49C-ABC8-4ACC-9E28-D67C6EFD1DC9}.Debug|ARM64.Build.0 = Debug|Any CPU
		{D102E49C-ABC8-4ACC-9E28-D67C6EFD1DC9}.Debug|iPhone.ActiveCfg = Debug|Any CPU
		{D102E49C-ABC8-4ACC-9E28-D67C6EFD1DC9}.Debug|iPhone.Build.0 = Debug|Any CPU
		{D102E49C-ABC8-4ACC-9E28-D67C6EFD1DC9}.Debug|iPhoneSimulator.ActiveCfg = Debug|Any CPU
		{D102E49C-ABC8-4ACC-9E28-D67C6EFD1DC9}.Debug|iPhoneSimulator.Build.0 = Debug|Any CPU
		{D102E49C-ABC8-4ACC-9E28-D67C6EFD1DC9}.Debug|x64.ActiveCfg = Debug|Any CPU
		{D102E49C-ABC8-4ACC-9E28-D67C6EFD1DC9}.Debug|x64.Build.0 = Debug|Any CPU
		{D102E49C-ABC8-4ACC-9E28-D67C6EFD1DC9}.Debug|x86.ActiveCfg = Debug|Any CPU
		{D102E49C-ABC8-4ACC-9E28-D67C6EFD1DC9}.Debug|x86.Build.0 = Debug|Any CPU
		{D102E49C-ABC8-4ACC-9E28-D67C6EFD1DC9}.Release|Any CPU.ActiveCfg = Release|Any CPU
		{D102E49C-ABC8-4ACC-9E28-D67C6EFD1DC9}.Release|Any CPU.Build.0 = Release|Any CPU
		{D102E49C-ABC8-4ACC-9E28-D67C6EFD1DC9}.Release|ARM.ActiveCfg = Release|Any CPU
		{D102E49C-ABC8-4ACC-9E28-D67C6EFD1DC9}.Release|ARM.Build.0 = Release|Any CPU
		{D102E49C-ABC8-4ACC-9E28-D67C6EFD1DC9}.Release|ARM64.ActiveCfg = Release|Any CPU
		{D102E49C-ABC8-4ACC-9E28-D67C6EFD1DC9}.Release|ARM64.Build.0 = Release|Any CPU
		{D102E49C-ABC8-4ACC-9E28-D67C6EFD1DC9}.Release|iPhone.ActiveCfg = Release|Any CPU
		{D102E49C-ABC8-4ACC-9E28-D67C6EFD1DC9}.Release|iPhone.Build.0 = Release|Any CPU
		{D102E49C-ABC8-4ACC-9E28-D67C6EFD1DC9}.Release|iPhoneSimulator.ActiveCfg = Release|Any CPU
		{D102E49C-ABC8-4ACC-9E28-D67C6EFD1DC9}.Release|iPhoneSimulator.Build.0 = Release|Any CPU
		{D102E49C-ABC8-4ACC-9E28-D67C6EFD1DC9}.Release|x64.ActiveCfg = Release|Any CPU
		{D102E49C-ABC8-4ACC-9E28-D67C6EFD1DC9}.Release|x64.Build.0 = Release|Any CPU
		{D102E49C-ABC8-4ACC-9E28-D67C6EFD1DC9}.Release|x86.ActiveCfg = Release|Any CPU
		{D102E49C-ABC8-4ACC-9E28-D67C6EFD1DC9}.Release|x86.Build.0 = Release|Any CPU
		{7930BC5B-5DAA-4C83-99A8-84C63A132F97}.Ad-Hoc|Any CPU.ActiveCfg = Debug|Any CPU
		{7930BC5B-5DAA-4C83-99A8-84C63A132F97}.Ad-Hoc|Any CPU.Build.0 = Debug|Any CPU
		{7930BC5B-5DAA-4C83-99A8-84C63A132F97}.Ad-Hoc|ARM.ActiveCfg = Debug|Any CPU
		{7930BC5B-5DAA-4C83-99A8-84C63A132F97}.Ad-Hoc|ARM.Build.0 = Debug|Any CPU
		{7930BC5B-5DAA-4C83-99A8-84C63A132F97}.Ad-Hoc|ARM64.ActiveCfg = Debug|Any CPU
		{7930BC5B-5DAA-4C83-99A8-84C63A132F97}.Ad-Hoc|ARM64.Build.0 = Debug|Any CPU
		{7930BC5B-5DAA-4C83-99A8-84C63A132F97}.Ad-Hoc|iPhone.ActiveCfg = Debug|Any CPU
		{7930BC5B-5DAA-4C83-99A8-84C63A132F97}.Ad-Hoc|iPhone.Build.0 = Debug|Any CPU
		{7930BC5B-5DAA-4C83-99A8-84C63A132F97}.Ad-Hoc|iPhoneSimulator.ActiveCfg = Debug|Any CPU
		{7930BC5B-5DAA-4C83-99A8-84C63A132F97}.Ad-Hoc|iPhoneSimulator.Build.0 = Debug|Any CPU
		{7930BC5B-5DAA-4C83-99A8-84C63A132F97}.Ad-Hoc|x64.ActiveCfg = Debug|Any CPU
		{7930BC5B-5DAA-4C83-99A8-84C63A132F97}.Ad-Hoc|x64.Build.0 = Debug|Any CPU
		{7930BC5B-5DAA-4C83-99A8-84C63A132F97}.Ad-Hoc|x86.ActiveCfg = Debug|Any CPU
		{7930BC5B-5DAA-4C83-99A8-84C63A132F97}.Ad-Hoc|x86.Build.0 = Debug|Any CPU
		{7930BC5B-5DAA-4C83-99A8-84C63A132F97}.AppStore|Any CPU.ActiveCfg = Debug|Any CPU
		{7930BC5B-5DAA-4C83-99A8-84C63A132F97}.AppStore|Any CPU.Build.0 = Debug|Any CPU
		{7930BC5B-5DAA-4C83-99A8-84C63A132F97}.AppStore|ARM.ActiveCfg = Debug|Any CPU
		{7930BC5B-5DAA-4C83-99A8-84C63A132F97}.AppStore|ARM.Build.0 = Debug|Any CPU
		{7930BC5B-5DAA-4C83-99A8-84C63A132F97}.AppStore|ARM64.ActiveCfg = Debug|Any CPU
		{7930BC5B-5DAA-4C83-99A8-84C63A132F97}.AppStore|ARM64.Build.0 = Debug|Any CPU
		{7930BC5B-5DAA-4C83-99A8-84C63A132F97}.AppStore|iPhone.ActiveCfg = Debug|Any CPU
		{7930BC5B-5DAA-4C83-99A8-84C63A132F97}.AppStore|iPhone.Build.0 = Debug|Any CPU
		{7930BC5B-5DAA-4C83-99A8-84C63A132F97}.AppStore|iPhoneSimulator.ActiveCfg = Debug|Any CPU
		{7930BC5B-5DAA-4C83-99A8-84C63A132F97}.AppStore|iPhoneSimulator.Build.0 = Debug|Any CPU
		{7930BC5B-5DAA-4C83-99A8-84C63A132F97}.AppStore|x64.ActiveCfg = Debug|Any CPU
		{7930BC5B-5DAA-4C83-99A8-84C63A132F97}.AppStore|x64.Build.0 = Debug|Any CPU
		{7930BC5B-5DAA-4C83-99A8-84C63A132F97}.AppStore|x86.ActiveCfg = Debug|Any CPU
		{7930BC5B-5DAA-4C83-99A8-84C63A132F97}.AppStore|x86.Build.0 = Debug|Any CPU
		{7930BC5B-5DAA-4C83-99A8-84C63A132F97}.Debug|Any CPU.ActiveCfg = Debug|Any CPU
		{7930BC5B-5DAA-4C83-99A8-84C63A132F97}.Debug|Any CPU.Build.0 = Debug|Any CPU
		{7930BC5B-5DAA-4C83-99A8-84C63A132F97}.Debug|ARM.ActiveCfg = Debug|Any CPU
		{7930BC5B-5DAA-4C83-99A8-84C63A132F97}.Debug|ARM.Build.0 = Debug|Any CPU
		{7930BC5B-5DAA-4C83-99A8-84C63A132F97}.Debug|ARM64.ActiveCfg = Debug|Any CPU
		{7930BC5B-5DAA-4C83-99A8-84C63A132F97}.Debug|ARM64.Build.0 = Debug|Any CPU
		{7930BC5B-5DAA-4C83-99A8-84C63A132F97}.Debug|iPhone.ActiveCfg = Debug|Any CPU
		{7930BC5B-5DAA-4C83-99A8-84C63A132F97}.Debug|iPhone.Build.0 = Debug|Any CPU
		{7930BC5B-5DAA-4C83-99A8-84C63A132F97}.Debug|iPhoneSimulator.ActiveCfg = Debug|Any CPU
		{7930BC5B-5DAA-4C83-99A8-84C63A132F97}.Debug|iPhoneSimulator.Build.0 = Debug|Any CPU
		{7930BC5B-5DAA-4C83-99A8-84C63A132F97}.Debug|x64.ActiveCfg = Debug|Any CPU
		{7930BC5B-5DAA-4C83-99A8-84C63A132F97}.Debug|x64.Build.0 = Debug|Any CPU
		{7930BC5B-5DAA-4C83-99A8-84C63A132F97}.Debug|x86.ActiveCfg = Debug|Any CPU
		{7930BC5B-5DAA-4C83-99A8-84C63A132F97}.Debug|x86.Build.0 = Debug|Any CPU
		{7930BC5B-5DAA-4C83-99A8-84C63A132F97}.Release|Any CPU.ActiveCfg = Release|Any CPU
		{7930BC5B-5DAA-4C83-99A8-84C63A132F97}.Release|Any CPU.Build.0 = Release|Any CPU
		{7930BC5B-5DAA-4C83-99A8-84C63A132F97}.Release|ARM.ActiveCfg = Release|Any CPU
		{7930BC5B-5DAA-4C83-99A8-84C63A132F97}.Release|ARM.Build.0 = Release|Any CPU
		{7930BC5B-5DAA-4C83-99A8-84C63A132F97}.Release|ARM64.ActiveCfg = Release|Any CPU
		{7930BC5B-5DAA-4C83-99A8-84C63A132F97}.Release|ARM64.Build.0 = Release|Any CPU
		{7930BC5B-5DAA-4C83-99A8-84C63A132F97}.Release|iPhone.ActiveCfg = Release|Any CPU
		{7930BC5B-5DAA-4C83-99A8-84C63A132F97}.Release|iPhone.Build.0 = Release|Any CPU
		{7930BC5B-5DAA-4C83-99A8-84C63A132F97}.Release|iPhoneSimulator.ActiveCfg = Release|Any CPU
		{7930BC5B-5DAA-4C83-99A8-84C63A132F97}.Release|iPhoneSimulator.Build.0 = Release|Any CPU
		{7930BC5B-5DAA-4C83-99A8-84C63A132F97}.Release|x64.ActiveCfg = Release|Any CPU
		{7930BC5B-5DAA-4C83-99A8-84C63A132F97}.Release|x64.Build.0 = Release|Any CPU
		{7930BC5B-5DAA-4C83-99A8-84C63A132F97}.Release|x86.ActiveCfg = Release|Any CPU
		{7930BC5B-5DAA-4C83-99A8-84C63A132F97}.Release|x86.Build.0 = Release|Any CPU
	EndGlobalSection
	GlobalSection(SolutionProperties) = preSolution
		HideSolutionNode = FALSE
	EndGlobalSection
	GlobalSection(NestedProjects) = preSolution
		{9CF68E6A-0E78-4399-AF53-0D6DC66422C8} = {D14F0241-D008-4252-897E-BF38BB136893}
		{81362915-733E-4759-B763-6B164E42FF7C} = {D14F0241-D008-4252-897E-BF38BB136893}
		{FCD012F7-B73C-4086-86A2-1F97B9076F8E} = {D14F0241-D008-4252-897E-BF38BB136893}
		{A322109D-1CE1-4120-BD2A-4F03BAD75D16} = {D14F0241-D008-4252-897E-BF38BB136893}
		{24497BCC-E479-40AE-98C3-0E9BAE3AFEFD} = {D14F0241-D008-4252-897E-BF38BB136893}
		{EF622168-49D4-47E4-A1C5-45AD8123360A} = {D14F0241-D008-4252-897E-BF38BB136893}
		{4211E1AE-1242-43DB-B0D6-BED1DFC785F4} = {D14F0241-D008-4252-897E-BF38BB136893}
		{D102E49C-ABC8-4ACC-9E28-D67C6EFD1DC9} = {D14F0241-D008-4252-897E-BF38BB136893}
		{7930BC5B-5DAA-4C83-99A8-84C63A132F97} = {D14F0241-D008-4252-897E-BF38BB136893}
	EndGlobalSection
	GlobalSection(ExtensibilityGlobals) = postSolution
		SolutionGuid = {7F91D2DF-D3FC-4C5A-AD71-8A6D70E4A866}
	EndGlobalSection
EndGlobal
