
Microsoft Visual Studio Solution File, Format Version 12.00
# Visual Studio Version 16
VisualStudioVersion = 16.0.30804.86
MinimumVisualStudioVersion = 10.0.40219.1
Project("{D954291E-2A0B-460D-934E-DC6B0785DB48}") = "ColorExplorer.Shared", "ColorExplorer\ColorExplorer.Shared\ColorExplorer.Shared.shproj", "{6279C845-92F8-4333-AB99-3D213163593C}"
EndProject
Project("{2150E333-8FDC-42A3-9474-1A3956D46DE8}") = "Platforms", "Platforms", "{126193F4-C1E3-4549-94CC-3A687A866283}"
EndProject
Project("{FAE04EC0-301F-11D3-BF4B-00C04F79EFBC}") = "ColorExplorer.Droid", "ColorExplorer\ColorExplorer.Droid\ColorExplorer.Droid.csproj", "{4D9B2123-0807-41EC-8CC9-598A04646A3A}"
EndProject
Project("{FAE04EC0-301F-11D3-BF4B-00C04F79EFBC}") = "ColorExplorer.iOS", "ColorExplorer\ColorExplorer.iOS\ColorExplorer.iOS.csproj", "{031BA316-BB5D-486C-8527-6C18F423474A}"
EndProject
Project("{FAE04EC0-301F-11D3-BF4B-00C04F79EFBC}") = "ColorExplorer.UWP", "ColorExplorer\ColorExplorer.UWP\ColorExplorer.UWP.csproj", "{8C2B7D63-94D0-440A-96E0-4A0067AAD849}"
EndProject
Project("{9A19103F-16F7-4668-BE54-9A1E7A4F7556}") = "ColorExplorer.Wasm", "ColorExplorer\ColorExplorer.Wasm\ColorExplorer.Wasm.csproj", "{F3985513-F9D4-4E32-A505-E37A7229CE26}"
EndProject
Project("{FAE04EC0-301F-11D3-BF4B-00C04F79EFBC}") = "ColorExplorer.macOS", "ColorExplorer\ColorExplorer.macOS\ColorExplorer.macOS.csproj", "{C7D8AB96-2D16-4C39-90F9-CF257300CBE6}"
EndProject
Project("{9A19103F-16F7-4668-BE54-9A1E7A4F7556}") = "ColorExplorer.Skia.Wpf.Host", "ColorExplorer\ColorExplorer.Skia.Wpf.Host\ColorExplorer.Skia.Wpf.Host.csproj", "{9DB65E77-BAE3-43B5-9464-3456E98CA175}"
EndProject
Project("{9A19103F-16F7-4668-BE54-9A1E7A4F7556}") = "ColorExplorer.Skia.Wpf", "ColorExplorer\ColorExplorer.Skia.Wpf\ColorExplorer.Skia.Wpf.csproj", "{3547D851-06B7-446B-9885-4D1A89262FFA}"
EndProject
Project("{9A19103F-16F7-4668-BE54-9A1E7A4F7556}") = "ColorExplorer.Skia.Gtk", "ColorExplorer\ColorExplorer.Skia.Gtk\ColorExplorer.Skia.Gtk.csproj", "{D9E576A0-D7BD-4C43-B472-655037ED624A}"
EndProject
Project("{9A19103F-16F7-4668-BE54-9A1E7A4F7556}") = "ColorExplorer.Skia.Tizen", "ColorExplorer\ColorExplorer.Skia.Tizen\ColorExplorer.Skia.Tizen.csproj", "{36F71DD5-BFB6-4FAA-A977-27452003D0DB}"
EndProject
Global
	GlobalSection(SharedMSBuildProjectFiles) = preSolution
		ColorExplorer\ColorExplorer.Shared\ColorExplorer.Shared.projitems*{031ba316-bb5d-486c-8527-6c18f423474a}*SharedItemsImports = 4
		ColorExplorer\ColorExplorer.Shared\ColorExplorer.Shared.projitems*{3547d851-06b7-446b-9885-4d1a89262ffa}*SharedItemsImports = 5
		ColorExplorer\ColorExplorer.Shared\ColorExplorer.Shared.projitems*{36f71dd5-bfb6-4faa-a977-27452003d0db}*SharedItemsImports = 5
		ColorExplorer\ColorExplorer.Shared\ColorExplorer.Shared.projitems*{4d9b2123-0807-41ec-8cc9-598a04646a3a}*SharedItemsImports = 4
		ColorExplorer\ColorExplorer.Shared\ColorExplorer.Shared.projitems*{6279c845-92f8-4333-ab99-3d213163593c}*SharedItemsImports = 13
		ColorExplorer\ColorExplorer.Shared\ColorExplorer.Shared.projitems*{8c2b7d63-94d0-440a-96e0-4a0067aad849}*SharedItemsImports = 4
		ColorExplorer\ColorExplorer.Shared\ColorExplorer.Shared.projitems*{c7d8ab96-2d16-4c39-90f9-cf257300cbe6}*SharedItemsImports = 4
		ColorExplorer\ColorExplorer.Shared\ColorExplorer.Shared.projitems*{d9e576a0-d7bd-4c43-b472-655037ed624a}*SharedItemsImports = 5
		ColorExplorer\ColorExplorer.Shared\ColorExplorer.Shared.projitems*{f3985513-f9d4-4e32-a505-e37a7229ce26}*SharedItemsImports = 5
	EndGlobalSection
	GlobalSection(SolutionConfigurationPlatforms) = preSolution
		Ad-Hoc|Any CPU = Ad-Hoc|Any CPU
		Ad-Hoc|ARM = Ad-Hoc|ARM
		Ad-Hoc|ARM64 = Ad-Hoc|ARM64
		Ad-Hoc|iPhone = Ad-Hoc|iPhone
		Ad-Hoc|iPhoneSimulator = Ad-Hoc|iPhoneSimulator
		Ad-Hoc|x64 = Ad-Hoc|x64
		Ad-Hoc|x86 = Ad-Hoc|x86
		AppStore|Any CPU = AppStore|Any CPU
		AppStore|ARM = AppStore|ARM
		AppStore|ARM64 = AppStore|ARM64
		AppStore|iPhone = AppStore|iPhone
		AppStore|iPhoneSimulator = AppStore|iPhoneSimulator
		AppStore|x64 = AppStore|x64
		AppStore|x86 = AppStore|x86
		Debug|Any CPU = Debug|Any CPU
		Debug|ARM = Debug|ARM
		Debug|ARM64 = Debug|ARM64
		Debug|iPhone = Debug|iPhone
		Debug|iPhoneSimulator = Debug|iPhoneSimulator
		Debug|x64 = Debug|x64
		Debug|x86 = Debug|x86
		Release|Any CPU = Release|Any CPU
		Release|ARM = Release|ARM
		Release|ARM64 = Release|ARM64
		Release|iPhone = Release|iPhone
		Release|iPhoneSimulator = Release|iPhoneSimulator
		Release|x64 = Release|x64
		Release|x86 = Release|x86
	EndGlobalSection
	GlobalSection(ProjectConfigurationPlatforms) = postSolution
		{4D9B2123-0807-41EC-8CC9-598A04646A3A}.Ad-Hoc|Any CPU.ActiveCfg = Debug|Any CPU
		{4D9B2123-0807-41EC-8CC9-598A04646A3A}.Ad-Hoc|Any CPU.Build.0 = Debug|Any CPU
		{4D9B2123-0807-41EC-8CC9-598A04646A3A}.Ad-Hoc|Any CPU.Deploy.0 = Debug|Any CPU
		{4D9B2123-0807-41EC-8CC9-598A04646A3A}.Ad-Hoc|ARM.ActiveCfg = Debug|Any CPU
		{4D9B2123-0807-41EC-8CC9-598A04646A3A}.Ad-Hoc|ARM.Build.0 = Debug|Any CPU
		{4D9B2123-0807-41EC-8CC9-598A04646A3A}.Ad-Hoc|ARM.Deploy.0 = Debug|Any CPU
		{4D9B2123-0807-41EC-8CC9-598A04646A3A}.Ad-Hoc|ARM64.ActiveCfg = Debug|Any CPU
		{4D9B2123-0807-41EC-8CC9-598A04646A3A}.Ad-Hoc|ARM64.Build.0 = Debug|Any CPU
		{4D9B2123-0807-41EC-8CC9-598A04646A3A}.Ad-Hoc|ARM64.Deploy.0 = Debug|Any CPU
		{4D9B2123-0807-41EC-8CC9-598A04646A3A}.Ad-Hoc|iPhone.ActiveCfg = Debug|Any CPU
		{4D9B2123-0807-41EC-8CC9-598A04646A3A}.Ad-Hoc|iPhone.Build.0 = Debug|Any CPU
		{4D9B2123-0807-41EC-8CC9-598A04646A3A}.Ad-Hoc|iPhone.Deploy.0 = Debug|Any CPU
		{4D9B2123-0807-41EC-8CC9-598A04646A3A}.Ad-Hoc|iPhoneSimulator.ActiveCfg = Debug|Any CPU
		{4D9B2123-0807-41EC-8CC9-598A04646A3A}.Ad-Hoc|iPhoneSimulator.Build.0 = Debug|Any CPU
		{4D9B2123-0807-41EC-8CC9-598A04646A3A}.Ad-Hoc|iPhoneSimulator.Deploy.0 = Debug|Any CPU
		{4D9B2123-0807-41EC-8CC9-598A04646A3A}.Ad-Hoc|x64.ActiveCfg = Debug|Any CPU
		{4D9B2123-0807-41EC-8CC9-598A04646A3A}.Ad-Hoc|x64.Build.0 = Debug|Any CPU
		{4D9B2123-0807-41EC-8CC9-598A04646A3A}.Ad-Hoc|x64.Deploy.0 = Debug|Any CPU
		{4D9B2123-0807-41EC-8CC9-598A04646A3A}.Ad-Hoc|x86.ActiveCfg = Debug|Any CPU
		{4D9B2123-0807-41EC-8CC9-598A04646A3A}.Ad-Hoc|x86.Build.0 = Debug|Any CPU
		{4D9B2123-0807-41EC-8CC9-598A04646A3A}.Ad-Hoc|x86.Deploy.0 = Debug|Any CPU
		{4D9B2123-0807-41EC-8CC9-598A04646A3A}.AppStore|Any CPU.ActiveCfg = Debug|Any CPU
		{4D9B2123-0807-41EC-8CC9-598A04646A3A}.AppStore|Any CPU.Build.0 = Debug|Any CPU
		{4D9B2123-0807-41EC-8CC9-598A04646A3A}.AppStore|Any CPU.Deploy.0 = Debug|Any CPU
		{4D9B2123-0807-41EC-8CC9-598A04646A3A}.AppStore|ARM.ActiveCfg = Debug|Any CPU
		{4D9B2123-0807-41EC-8CC9-598A04646A3A}.AppStore|ARM.Build.0 = Debug|Any CPU
		{4D9B2123-0807-41EC-8CC9-598A04646A3A}.AppStore|ARM.Deploy.0 = Debug|Any CPU
		{4D9B2123-0807-41EC-8CC9-598A04646A3A}.AppStore|ARM64.ActiveCfg = Debug|Any CPU
		{4D9B2123-0807-41EC-8CC9-598A04646A3A}.AppStore|ARM64.Build.0 = Debug|Any CPU
		{4D9B2123-0807-41EC-8CC9-598A04646A3A}.AppStore|ARM64.Deploy.0 = Debug|Any CPU
		{4D9B2123-0807-41EC-8CC9-598A04646A3A}.AppStore|iPhone.ActiveCfg = Debug|Any CPU
		{4D9B2123-0807-41EC-8CC9-598A04646A3A}.AppStore|iPhone.Build.0 = Debug|Any CPU
		{4D9B2123-0807-41EC-8CC9-598A04646A3A}.AppStore|iPhone.Deploy.0 = Debug|Any CPU
		{4D9B2123-0807-41EC-8CC9-598A04646A3A}.AppStore|iPhoneSimulator.ActiveCfg = Debug|Any CPU
		{4D9B2123-0807-41EC-8CC9-598A04646A3A}.AppStore|iPhoneSimulator.Build.0 = Debug|Any CPU
		{4D9B2123-0807-41EC-8CC9-598A04646A3A}.AppStore|iPhoneSimulator.Deploy.0 = Debug|Any CPU
		{4D9B2123-0807-41EC-8CC9-598A04646A3A}.AppStore|x64.ActiveCfg = Debug|Any CPU
		{4D9B2123-0807-41EC-8CC9-598A04646A3A}.AppStore|x64.Build.0 = Debug|Any CPU
		{4D9B2123-0807-41EC-8CC9-598A04646A3A}.AppStore|x64.Deploy.0 = Debug|Any CPU
		{4D9B2123-0807-41EC-8CC9-598A04646A3A}.AppStore|x86.ActiveCfg = Debug|Any CPU
		{4D9B2123-0807-41EC-8CC9-598A04646A3A}.AppStore|x86.Build.0 = Debug|Any CPU
		{4D9B2123-0807-41EC-8CC9-598A04646A3A}.AppStore|x86.Deploy.0 = Debug|Any CPU
		{4D9B2123-0807-41EC-8CC9-598A04646A3A}.Debug|Any CPU.ActiveCfg = Debug|Any CPU
		{4D9B2123-0807-41EC-8CC9-598A04646A3A}.Debug|Any CPU.Build.0 = Debug|Any CPU
		{4D9B2123-0807-41EC-8CC9-598A04646A3A}.Debug|Any CPU.Deploy.0 = Debug|Any CPU
		{4D9B2123-0807-41EC-8CC9-598A04646A3A}.Debug|ARM.ActiveCfg = Debug|Any CPU
		{4D9B2123-0807-41EC-8CC9-598A04646A3A}.Debug|ARM.Build.0 = Debug|Any CPU
		{4D9B2123-0807-41EC-8CC9-598A04646A3A}.Debug|ARM.Deploy.0 = Debug|Any CPU
		{4D9B2123-0807-41EC-8CC9-598A04646A3A}.Debug|ARM64.ActiveCfg = Debug|Any CPU
		{4D9B2123-0807-41EC-8CC9-598A04646A3A}.Debug|ARM64.Build.0 = Debug|Any CPU
		{4D9B2123-0807-41EC-8CC9-598A04646A3A}.Debug|ARM64.Deploy.0 = Debug|Any CPU
		{4D9B2123-0807-41EC-8CC9-598A04646A3A}.Debug|iPhone.ActiveCfg = Debug|Any CPU
		{4D9B2123-0807-41EC-8CC9-598A04646A3A}.Debug|iPhone.Build.0 = Debug|Any CPU
		{4D9B2123-0807-41EC-8CC9-598A04646A3A}.Debug|iPhone.Deploy.0 = Debug|Any CPU
		{4D9B2123-0807-41EC-8CC9-598A04646A3A}.Debug|iPhoneSimulator.ActiveCfg = Debug|Any CPU
		{4D9B2123-0807-41EC-8CC9-598A04646A3A}.Debug|iPhoneSimulator.Build.0 = Debug|Any CPU
		{4D9B2123-0807-41EC-8CC9-598A04646A3A}.Debug|iPhoneSimulator.Deploy.0 = Debug|Any CPU
		{4D9B2123-0807-41EC-8CC9-598A04646A3A}.Debug|x64.ActiveCfg = Debug|Any CPU
		{4D9B2123-0807-41EC-8CC9-598A04646A3A}.Debug|x64.Build.0 = Debug|Any CPU
		{4D9B2123-0807-41EC-8CC9-598A04646A3A}.Debug|x64.Deploy.0 = Debug|Any CPU
		{4D9B2123-0807-41EC-8CC9-598A04646A3A}.Debug|x86.ActiveCfg = Debug|Any CPU
		{4D9B2123-0807-41EC-8CC9-598A04646A3A}.Debug|x86.Build.0 = Debug|Any CPU
		{4D9B2123-0807-41EC-8CC9-598A04646A3A}.Debug|x86.Deploy.0 = Debug|Any CPU
		{4D9B2123-0807-41EC-8CC9-598A04646A3A}.Release|Any CPU.ActiveCfg = Release|Any CPU
		{4D9B2123-0807-41EC-8CC9-598A04646A3A}.Release|Any CPU.Build.0 = Release|Any CPU
		{4D9B2123-0807-41EC-8CC9-598A04646A3A}.Release|Any CPU.Deploy.0 = Release|Any CPU
		{4D9B2123-0807-41EC-8CC9-598A04646A3A}.Release|ARM.ActiveCfg = Release|Any CPU
		{4D9B2123-0807-41EC-8CC9-598A04646A3A}.Release|ARM.Build.0 = Release|Any CPU
		{4D9B2123-0807-41EC-8CC9-598A04646A3A}.Release|ARM.Deploy.0 = Release|Any CPU
		{4D9B2123-0807-41EC-8CC9-598A04646A3A}.Release|ARM64.ActiveCfg = Release|Any CPU
		{4D9B2123-0807-41EC-8CC9-598A04646A3A}.Release|ARM64.Build.0 = Release|Any CPU
		{4D9B2123-0807-41EC-8CC9-598A04646A3A}.Release|ARM64.Deploy.0 = Release|Any CPU
		{4D9B2123-0807-41EC-8CC9-598A04646A3A}.Release|iPhone.ActiveCfg = Release|Any CPU
		{4D9B2123-0807-41EC-8CC9-598A04646A3A}.Release|iPhone.Build.0 = Release|Any CPU
		{4D9B2123-0807-41EC-8CC9-598A04646A3A}.Release|iPhone.Deploy.0 = Release|Any CPU
		{4D9B2123-0807-41EC-8CC9-598A04646A3A}.Release|iPhoneSimulator.ActiveCfg = Release|Any CPU
		{4D9B2123-0807-41EC-8CC9-598A04646A3A}.Release|iPhoneSimulator.Build.0 = Release|Any CPU
		{4D9B2123-0807-41EC-8CC9-598A04646A3A}.Release|iPhoneSimulator.Deploy.0 = Release|Any CPU
		{4D9B2123-0807-41EC-8CC9-598A04646A3A}.Release|x64.ActiveCfg = Release|Any CPU
		{4D9B2123-0807-41EC-8CC9-598A04646A3A}.Release|x64.Build.0 = Release|Any CPU
		{4D9B2123-0807-41EC-8CC9-598A04646A3A}.Release|x64.Deploy.0 = Release|Any CPU
		{4D9B2123-0807-41EC-8CC9-598A04646A3A}.Release|x86.ActiveCfg = Release|Any CPU
		{4D9B2123-0807-41EC-8CC9-598A04646A3A}.Release|x86.Build.0 = Release|Any CPU
		{4D9B2123-0807-41EC-8CC9-598A04646A3A}.Release|x86.Deploy.0 = Release|Any CPU
		{031BA316-BB5D-486C-8527-6C18F423474A}.Ad-Hoc|Any CPU.ActiveCfg = Ad-Hoc|iPhoneSimulator
		{031BA316-BB5D-486C-8527-6C18F423474A}.Ad-Hoc|ARM.ActiveCfg = Ad-Hoc|iPhoneSimulator
		{031BA316-BB5D-486C-8527-6C18F423474A}.Ad-Hoc|ARM64.ActiveCfg = Ad-Hoc|iPhoneSimulator
		{031BA316-BB5D-486C-8527-6C18F423474A}.Ad-Hoc|iPhone.ActiveCfg = Ad-Hoc|iPhone
		{031BA316-BB5D-486C-8527-6C18F423474A}.Ad-Hoc|iPhone.Build.0 = Ad-Hoc|iPhone
		{031BA316-BB5D-486C-8527-6C18F423474A}.Ad-Hoc|iPhoneSimulator.ActiveCfg = Ad-Hoc|iPhoneSimulator
		{031BA316-BB5D-486C-8527-6C18F423474A}.Ad-Hoc|iPhoneSimulator.Build.0 = Ad-Hoc|iPhoneSimulator
		{031BA316-BB5D-486C-8527-6C18F423474A}.Ad-Hoc|x64.ActiveCfg = Ad-Hoc|iPhoneSimulator
		{031BA316-BB5D-486C-8527-6C18F423474A}.Ad-Hoc|x86.ActiveCfg = Ad-Hoc|iPhoneSimulator
		{031BA316-BB5D-486C-8527-6C18F423474A}.AppStore|Any CPU.ActiveCfg = AppStore|iPhoneSimulator
		{031BA316-BB5D-486C-8527-6C18F423474A}.AppStore|ARM.ActiveCfg = AppStore|iPhoneSimulator
		{031BA316-BB5D-486C-8527-6C18F423474A}.AppStore|ARM64.ActiveCfg = AppStore|iPhoneSimulator
		{031BA316-BB5D-486C-8527-6C18F423474A}.AppStore|iPhone.ActiveCfg = AppStore|iPhone
		{031BA316-BB5D-486C-8527-6C18F423474A}.AppStore|iPhone.Build.0 = AppStore|iPhone
		{031BA316-BB5D-486C-8527-6C18F423474A}.AppStore|iPhoneSimulator.ActiveCfg = AppStore|iPhoneSimulator
		{031BA316-BB5D-486C-8527-6C18F423474A}.AppStore|iPhoneSimulator.Build.0 = AppStore|iPhoneSimulator
		{031BA316-BB5D-486C-8527-6C18F423474A}.AppStore|x64.ActiveCfg = AppStore|iPhoneSimulator
		{031BA316-BB5D-486C-8527-6C18F423474A}.AppStore|x86.ActiveCfg = AppStore|iPhoneSimulator
		{031BA316-BB5D-486C-8527-6C18F423474A}.Debug|Any CPU.ActiveCfg = Debug|iPhoneSimulator
		{031BA316-BB5D-486C-8527-6C18F423474A}.Debug|ARM.ActiveCfg = Debug|iPhoneSimulator
		{031BA316-BB5D-486C-8527-6C18F423474A}.Debug|ARM64.ActiveCfg = Debug|iPhoneSimulator
		{031BA316-BB5D-486C-8527-6C18F423474A}.Debug|iPhone.ActiveCfg = Debug|iPhone
		{031BA316-BB5D-486C-8527-6C18F423474A}.Debug|iPhone.Build.0 = Debug|iPhone
		{031BA316-BB5D-486C-8527-6C18F423474A}.Debug|iPhone.Deploy.0 = Debug|iPhone
		{031BA316-BB5D-486C-8527-6C18F423474A}.Debug|iPhoneSimulator.ActiveCfg = Debug|iPhoneSimulator
		{031BA316-BB5D-486C-8527-6C18F423474A}.Debug|iPhoneSimulator.Build.0 = Debug|iPhoneSimulator
		{031BA316-BB5D-486C-8527-6C18F423474A}.Debug|x64.ActiveCfg = Debug|iPhoneSimulator
		{031BA316-BB5D-486C-8527-6C18F423474A}.Debug|x86.ActiveCfg = Debug|iPhoneSimulator
		{031BA316-BB5D-486C-8527-6C18F423474A}.Release|Any CPU.ActiveCfg = Release|iPhoneSimulator
		{031BA316-BB5D-486C-8527-6C18F423474A}.Release|ARM.ActiveCfg = Release|iPhoneSimulator
		{031BA316-BB5D-486C-8527-6C18F423474A}.Release|ARM64.ActiveCfg = Release|iPhoneSimulator
		{031BA316-BB5D-486C-8527-6C18F423474A}.Release|iPhone.ActiveCfg = Release|iPhone
		{031BA316-BB5D-486C-8527-6C18F423474A}.Release|iPhone.Build.0 = Release|iPhone
		{031BA316-BB5D-486C-8527-6C18F423474A}.Release|iPhoneSimulator.ActiveCfg = Release|iPhoneSimulator
		{031BA316-BB5D-486C-8527-6C18F423474A}.Release|iPhoneSimulator.Build.0 = Release|iPhoneSimulator
		{031BA316-BB5D-486C-8527-6C18F423474A}.Release|x64.ActiveCfg = Release|iPhoneSimulator
		{031BA316-BB5D-486C-8527-6C18F423474A}.Release|x86.ActiveCfg = Release|iPhoneSimulator
		{8C2B7D63-94D0-440A-96E0-4A0067AAD849}.Ad-Hoc|Any CPU.ActiveCfg = Debug|x86
		{8C2B7D63-94D0-440A-96E0-4A0067AAD849}.Ad-Hoc|Any CPU.Build.0 = Debug|x86
		{8C2B7D63-94D0-440A-96E0-4A0067AAD849}.Ad-Hoc|Any CPU.Deploy.0 = Debug|x86
		{8C2B7D63-94D0-440A-96E0-4A0067AAD849}.Ad-Hoc|ARM.ActiveCfg = Debug|ARM
		{8C2B7D63-94D0-440A-96E0-4A0067AAD849}.Ad-Hoc|ARM.Build.0 = Debug|ARM
		{8C2B7D63-94D0-440A-96E0-4A0067AAD849}.Ad-Hoc|ARM.Deploy.0 = Debug|ARM
		{8C2B7D63-94D0-440A-96E0-4A0067AAD849}.Ad-Hoc|ARM64.ActiveCfg = Debug|ARM64
		{8C2B7D63-94D0-440A-96E0-4A0067AAD849}.Ad-Hoc|ARM64.Build.0 = Debug|ARM64
		{8C2B7D63-94D0-440A-96E0-4A0067AAD849}.Ad-Hoc|ARM64.Deploy.0 = Debug|ARM64
		{8C2B7D63-94D0-440A-96E0-4A0067AAD849}.Ad-Hoc|iPhone.ActiveCfg = Debug|x86
		{8C2B7D63-94D0-440A-96E0-4A0067AAD849}.Ad-Hoc|iPhone.Build.0 = Debug|x86
		{8C2B7D63-94D0-440A-96E0-4A0067AAD849}.Ad-Hoc|iPhone.Deploy.0 = Debug|x86
		{8C2B7D63-94D0-440A-96E0-4A0067AAD849}.Ad-Hoc|iPhoneSimulator.ActiveCfg = Debug|x86
		{8C2B7D63-94D0-440A-96E0-4A0067AAD849}.Ad-Hoc|iPhoneSimulator.Build.0 = Debug|x86
		{8C2B7D63-94D0-440A-96E0-4A0067AAD849}.Ad-Hoc|iPhoneSimulator.Deploy.0 = Debug|x86
		{8C2B7D63-94D0-440A-96E0-4A0067AAD849}.Ad-Hoc|x64.ActiveCfg = Debug|x64
		{8C2B7D63-94D0-440A-96E0-4A0067AAD849}.Ad-Hoc|x64.Build.0 = Debug|x64
		{8C2B7D63-94D0-440A-96E0-4A0067AAD849}.Ad-Hoc|x64.Deploy.0 = Debug|x64
		{8C2B7D63-94D0-440A-96E0-4A0067AAD849}.Ad-Hoc|x86.ActiveCfg = Debug|x86
		{8C2B7D63-94D0-440A-96E0-4A0067AAD849}.Ad-Hoc|x86.Build.0 = Debug|x86
		{8C2B7D63-94D0-440A-96E0-4A0067AAD849}.Ad-Hoc|x86.Deploy.0 = Debug|x86
		{8C2B7D63-94D0-440A-96E0-4A0067AAD849}.AppStore|Any CPU.ActiveCfg = Debug|x86
		{8C2B7D63-94D0-440A-96E0-4A0067AAD849}.AppStore|Any CPU.Build.0 = Debug|x86
		{8C2B7D63-94D0-440A-96E0-4A0067AAD849}.AppStore|Any CPU.Deploy.0 = Debug|x86
		{8C2B7D63-94D0-440A-96E0-4A0067AAD849}.AppStore|ARM.ActiveCfg = Debug|ARM
		{8C2B7D63-94D0-440A-96E0-4A0067AAD849}.AppStore|ARM.Build.0 = Debug|ARM
		{8C2B7D63-94D0-440A-96E0-4A0067AAD849}.AppStore|ARM.Deploy.0 = Debug|ARM
		{8C2B7D63-94D0-440A-96E0-4A0067AAD849}.AppStore|ARM64.ActiveCfg = Debug|ARM64
		{8C2B7D63-94D0-440A-96E0-4A0067AAD849}.AppStore|ARM64.Build.0 = Debug|ARM64
		{8C2B7D63-94D0-440A-96E0-4A0067AAD849}.AppStore|ARM64.Deploy.0 = Debug|ARM64
		{8C2B7D63-94D0-440A-96E0-4A0067AAD849}.AppStore|iPhone.ActiveCfg = Debug|x86
		{8C2B7D63-94D0-440A-96E0-4A0067AAD849}.AppStore|iPhone.Build.0 = Debug|x86
		{8C2B7D63-94D0-440A-96E0-4A0067AAD849}.AppStore|iPhone.Deploy.0 = Debug|x86
		{8C2B7D63-94D0-440A-96E0-4A0067AAD849}.AppStore|iPhoneSimulator.ActiveCfg = Debug|x86
		{8C2B7D63-94D0-440A-96E0-4A0067AAD849}.AppStore|iPhoneSimulator.Build.0 = Debug|x86
		{8C2B7D63-94D0-440A-96E0-4A0067AAD849}.AppStore|iPhoneSimulator.Deploy.0 = Debug|x86
		{8C2B7D63-94D0-440A-96E0-4A0067AAD849}.AppStore|x64.ActiveCfg = Debug|x64
		{8C2B7D63-94D0-440A-96E0-4A0067AAD849}.AppStore|x64.Build.0 = Debug|x64
		{8C2B7D63-94D0-440A-96E0-4A0067AAD849}.AppStore|x64.Deploy.0 = Debug|x64
		{8C2B7D63-94D0-440A-96E0-4A0067AAD849}.AppStore|x86.ActiveCfg = Debug|x86
		{8C2B7D63-94D0-440A-96E0-4A0067AAD849}.AppStore|x86.Build.0 = Debug|x86
		{8C2B7D63-94D0-440A-96E0-4A0067AAD849}.AppStore|x86.Deploy.0 = Debug|x86
		{8C2B7D63-94D0-440A-96E0-4A0067AAD849}.Debug|Any CPU.ActiveCfg = Debug|x86
		{8C2B7D63-94D0-440A-96E0-4A0067AAD849}.Debug|Any CPU.Build.0 = Debug|x86
		{8C2B7D63-94D0-440A-96E0-4A0067AAD849}.Debug|Any CPU.Deploy.0 = Debug|x86
		{8C2B7D63-94D0-440A-96E0-4A0067AAD849}.Debug|ARM.ActiveCfg = Debug|ARM
		{8C2B7D63-94D0-440A-96E0-4A0067AAD849}.Debug|ARM.Build.0 = Debug|ARM
		{8C2B7D63-94D0-440A-96E0-4A0067AAD849}.Debug|ARM.Deploy.0 = Debug|ARM
		{8C2B7D63-94D0-440A-96E0-4A0067AAD849}.Debug|ARM64.ActiveCfg = Debug|ARM64
		{8C2B7D63-94D0-440A-96E0-4A0067AAD849}.Debug|ARM64.Build.0 = Debug|ARM64
		{8C2B7D63-94D0-440A-96E0-4A0067AAD849}.Debug|ARM64.Deploy.0 = Debug|ARM64
		{8C2B7D63-94D0-440A-96E0-4A0067AAD849}.Debug|iPhone.ActiveCfg = Debug|x86
		{8C2B7D63-94D0-440A-96E0-4A0067AAD849}.Debug|iPhoneSimulator.ActiveCfg = Debug|x86
		{8C2B7D63-94D0-440A-96E0-4A0067AAD849}.Debug|x64.ActiveCfg = Debug|x64
		{8C2B7D63-94D0-440A-96E0-4A0067AAD849}.Debug|x64.Build.0 = Debug|x64
		{8C2B7D63-94D0-440A-96E0-4A0067AAD849}.Debug|x64.Deploy.0 = Debug|x64
		{8C2B7D63-94D0-440A-96E0-4A0067AAD849}.Debug|x86.ActiveCfg = Debug|x86
		{8C2B7D63-94D0-440A-96E0-4A0067AAD849}.Debug|x86.Build.0 = Debug|x86
		{8C2B7D63-94D0-440A-96E0-4A0067AAD849}.Debug|x86.Deploy.0 = Debug|x86
		{8C2B7D63-94D0-440A-96E0-4A0067AAD849}.Release|Any CPU.ActiveCfg = Release|x86
		{8C2B7D63-94D0-440A-96E0-4A0067AAD849}.Release|ARM.ActiveCfg = Release|ARM
		{8C2B7D63-94D0-440A-96E0-4A0067AAD849}.Release|ARM.Build.0 = Release|ARM
		{8C2B7D63-94D0-440A-96E0-4A0067AAD849}.Release|ARM.Deploy.0 = Release|ARM
		{8C2B7D63-94D0-440A-96E0-4A0067AAD849}.Release|ARM64.ActiveCfg = Release|ARM64
		{8C2B7D63-94D0-440A-96E0-4A0067AAD849}.Release|ARM64.Build.0 = Release|ARM64
		{8C2B7D63-94D0-440A-96E0-4A0067AAD849}.Release|ARM64.Deploy.0 = Release|ARM64
		{8C2B7D63-94D0-440A-96E0-4A0067AAD849}.Release|iPhone.ActiveCfg = Release|x86
		{8C2B7D63-94D0-440A-96E0-4A0067AAD849}.Release|iPhoneSimulator.ActiveCfg = Release|x86
		{8C2B7D63-94D0-440A-96E0-4A0067AAD849}.Release|x64.ActiveCfg = Release|x64
		{8C2B7D63-94D0-440A-96E0-4A0067AAD849}.Release|x64.Build.0 = Release|x64
		{8C2B7D63-94D0-440A-96E0-4A0067AAD849}.Release|x64.Deploy.0 = Release|x64
		{8C2B7D63-94D0-440A-96E0-4A0067AAD849}.Release|x86.ActiveCfg = Release|x86
		{8C2B7D63-94D0-440A-96E0-4A0067AAD849}.Release|x86.Build.0 = Release|x86
		{8C2B7D63-94D0-440A-96E0-4A0067AAD849}.Release|x86.Deploy.0 = Release|x86
		{F3985513-F9D4-4E32-A505-E37A7229CE26}.Ad-Hoc|Any CPU.ActiveCfg = Debug|Any CPU
		{F3985513-F9D4-4E32-A505-E37A7229CE26}.Ad-Hoc|Any CPU.Build.0 = Debug|Any CPU
		{F3985513-F9D4-4E32-A505-E37A7229CE26}.Ad-Hoc|ARM.ActiveCfg = Debug|Any CPU
		{F3985513-F9D4-4E32-A505-E37A7229CE26}.Ad-Hoc|ARM.Build.0 = Debug|Any CPU
		{F3985513-F9D4-4E32-A505-E37A7229CE26}.Ad-Hoc|ARM64.ActiveCfg = Debug|Any CPU
		{F3985513-F9D4-4E32-A505-E37A7229CE26}.Ad-Hoc|ARM64.Build.0 = Debug|Any CPU
		{F3985513-F9D4-4E32-A505-E37A7229CE26}.Ad-Hoc|iPhone.ActiveCfg = Debug|Any CPU
		{F3985513-F9D4-4E32-A505-E37A7229CE26}.Ad-Hoc|iPhone.Build.0 = Debug|Any CPU
		{F3985513-F9D4-4E32-A505-E37A7229CE26}.Ad-Hoc|iPhoneSimulator.ActiveCfg = Debug|Any CPU
		{F3985513-F9D4-4E32-A505-E37A7229CE26}.Ad-Hoc|iPhoneSimulator.Build.0 = Debug|Any CPU
		{F3985513-F9D4-4E32-A505-E37A7229CE26}.Ad-Hoc|x64.ActiveCfg = Debug|Any CPU
		{F3985513-F9D4-4E32-A505-E37A7229CE26}.Ad-Hoc|x64.Build.0 = Debug|Any CPU
		{F3985513-F9D4-4E32-A505-E37A7229CE26}.Ad-Hoc|x86.ActiveCfg = Debug|Any CPU
		{F3985513-F9D4-4E32-A505-E37A7229CE26}.Ad-Hoc|x86.Build.0 = Debug|Any CPU
		{F3985513-F9D4-4E32-A505-E37A7229CE26}.AppStore|Any CPU.ActiveCfg = Debug|Any CPU
		{F3985513-F9D4-4E32-A505-E37A7229CE26}.AppStore|Any CPU.Build.0 = Debug|Any CPU
		{F3985513-F9D4-4E32-A505-E37A7229CE26}.AppStore|ARM.ActiveCfg = Debug|Any CPU
		{F3985513-F9D4-4E32-A505-E37A7229CE26}.AppStore|ARM.Build.0 = Debug|Any CPU
		{F3985513-F9D4-4E32-A505-E37A7229CE26}.AppStore|ARM64.ActiveCfg = Debug|Any CPU
		{F3985513-F9D4-4E32-A505-E37A7229CE26}.AppStore|ARM64.Build.0 = Debug|Any CPU
		{F3985513-F9D4-4E32-A505-E37A7229CE26}.AppStore|iPhone.ActiveCfg = Debug|Any CPU
		{F3985513-F9D4-4E32-A505-E37A7229CE26}.AppStore|iPhone.Build.0 = Debug|Any CPU
		{F3985513-F9D4-4E32-A505-E37A7229CE26}.AppStore|iPhoneSimulator.ActiveCfg = Debug|Any CPU
		{F3985513-F9D4-4E32-A505-E37A7229CE26}.AppStore|iPhoneSimulator.Build.0 = Debug|Any CPU
		{F3985513-F9D4-4E32-A505-E37A7229CE26}.AppStore|x64.ActiveCfg = Debug|Any CPU
		{F3985513-F9D4-4E32-A505-E37A7229CE26}.AppStore|x64.Build.0 = Debug|Any CPU
		{F3985513-F9D4-4E32-A505-E37A7229CE26}.AppStore|x86.ActiveCfg = Debug|Any CPU
		{F3985513-F9D4-4E32-A505-E37A7229CE26}.AppStore|x86.Build.0 = Debug|Any CPU
		{F3985513-F9D4-4E32-A505-E37A7229CE26}.Debug|Any CPU.ActiveCfg = Debug|Any CPU
		{F3985513-F9D4-4E32-A505-E37A7229CE26}.Debug|Any CPU.Build.0 = Debug|Any CPU
		{F3985513-F9D4-4E32-A505-E37A7229CE26}.Debug|ARM.ActiveCfg = Debug|Any CPU
		{F3985513-F9D4-4E32-A505-E37A7229CE26}.Debug|ARM.Build.0 = Debug|Any CPU
		{F3985513-F9D4-4E32-A505-E37A7229CE26}.Debug|ARM64.ActiveCfg = Debug|Any CPU
		{F3985513-F9D4-4E32-A505-E37A7229CE26}.Debug|ARM64.Build.0 = Debug|Any CPU
		{F3985513-F9D4-4E32-A505-E37A7229CE26}.Debug|iPhone.ActiveCfg = Debug|Any CPU
		{F3985513-F9D4-4E32-A505-E37A7229CE26}.Debug|iPhone.Build.0 = Debug|Any CPU
		{F3985513-F9D4-4E32-A505-E37A7229CE26}.Debug|iPhoneSimulator.ActiveCfg = Debug|Any CPU
		{F3985513-F9D4-4E32-A505-E37A7229CE26}.Debug|iPhoneSimulator.Build.0 = Debug|Any CPU
		{F3985513-F9D4-4E32-A505-E37A7229CE26}.Debug|x64.ActiveCfg = Debug|Any CPU
		{F3985513-F9D4-4E32-A505-E37A7229CE26}.Debug|x64.Build.0 = Debug|Any CPU
		{F3985513-F9D4-4E32-A505-E37A7229CE26}.Debug|x86.ActiveCfg = Debug|Any CPU
		{F3985513-F9D4-4E32-A505-E37A7229CE26}.Debug|x86.Build.0 = Debug|Any CPU
		{F3985513-F9D4-4E32-A505-E37A7229CE26}.Release|Any CPU.ActiveCfg = Release|Any CPU
		{F3985513-F9D4-4E32-A505-E37A7229CE26}.Release|Any CPU.Build.0 = Release|Any CPU
		{F3985513-F9D4-4E32-A505-E37A7229CE26}.Release|ARM.ActiveCfg = Release|Any CPU
		{F3985513-F9D4-4E32-A505-E37A7229CE26}.Release|ARM.Build.0 = Release|Any CPU
		{F3985513-F9D4-4E32-A505-E37A7229CE26}.Release|ARM64.ActiveCfg = Release|Any CPU
		{F3985513-F9D4-4E32-A505-E37A7229CE26}.Release|ARM64.Build.0 = Release|Any CPU
		{F3985513-F9D4-4E32-A505-E37A7229CE26}.Release|iPhone.ActiveCfg = Release|Any CPU
		{F3985513-F9D4-4E32-A505-E37A7229CE26}.Release|iPhone.Build.0 = Release|Any CPU
		{F3985513-F9D4-4E32-A505-E37A7229CE26}.Release|iPhoneSimulator.ActiveCfg = Release|Any CPU
		{F3985513-F9D4-4E32-A505-E37A7229CE26}.Release|iPhoneSimulator.Build.0 = Release|Any CPU
		{F3985513-F9D4-4E32-A505-E37A7229CE26}.Release|x64.ActiveCfg = Release|Any CPU
		{F3985513-F9D4-4E32-A505-E37A7229CE26}.Release|x64.Build.0 = Release|Any CPU
		{F3985513-F9D4-4E32-A505-E37A7229CE26}.Release|x86.ActiveCfg = Release|Any CPU
		{F3985513-F9D4-4E32-A505-E37A7229CE26}.Release|x86.Build.0 = Release|Any CPU
		{C7D8AB96-2D16-4C39-90F9-CF257300CBE6}.Ad-Hoc|Any CPU.ActiveCfg = Debug|iPhoneSimulator
		{C7D8AB96-2D16-4C39-90F9-CF257300CBE6}.Ad-Hoc|Any CPU.Build.0 = Debug|iPhoneSimulator
		{C7D8AB96-2D16-4C39-90F9-CF257300CBE6}.Ad-Hoc|ARM.ActiveCfg = Debug|iPhoneSimulator
		{C7D8AB96-2D16-4C39-90F9-CF257300CBE6}.Ad-Hoc|ARM.Build.0 = Debug|iPhoneSimulator
		{C7D8AB96-2D16-4C39-90F9-CF257300CBE6}.Ad-Hoc|ARM64.ActiveCfg = Debug|iPhoneSimulator
		{C7D8AB96-2D16-4C39-90F9-CF257300CBE6}.Ad-Hoc|ARM64.Build.0 = Debug|iPhoneSimulator
		{C7D8AB96-2D16-4C39-90F9-CF257300CBE6}.Ad-Hoc|iPhone.ActiveCfg = Debug|iPhoneSimulator
		{C7D8AB96-2D16-4C39-90F9-CF257300CBE6}.Ad-Hoc|iPhone.Build.0 = Debug|iPhoneSimulator
		{C7D8AB96-2D16-4C39-90F9-CF257300CBE6}.Ad-Hoc|iPhoneSimulator.ActiveCfg = Debug|iPhoneSimulator
		{C7D8AB96-2D16-4C39-90F9-CF257300CBE6}.Ad-Hoc|iPhoneSimulator.Build.0 = Debug|iPhoneSimulator
		{C7D8AB96-2D16-4C39-90F9-CF257300CBE6}.Ad-Hoc|x64.ActiveCfg = Debug|iPhoneSimulator
		{C7D8AB96-2D16-4C39-90F9-CF257300CBE6}.Ad-Hoc|x64.Build.0 = Debug|iPhoneSimulator
		{C7D8AB96-2D16-4C39-90F9-CF257300CBE6}.Ad-Hoc|x86.ActiveCfg = Debug|iPhoneSimulator
		{C7D8AB96-2D16-4C39-90F9-CF257300CBE6}.Ad-Hoc|x86.Build.0 = Debug|iPhoneSimulator
		{C7D8AB96-2D16-4C39-90F9-CF257300CBE6}.AppStore|Any CPU.ActiveCfg = Debug|iPhoneSimulator
		{C7D8AB96-2D16-4C39-90F9-CF257300CBE6}.AppStore|Any CPU.Build.0 = Debug|iPhoneSimulator
		{C7D8AB96-2D16-4C39-90F9-CF257300CBE6}.AppStore|ARM.ActiveCfg = Debug|iPhoneSimulator
		{C7D8AB96-2D16-4C39-90F9-CF257300CBE6}.AppStore|ARM.Build.0 = Debug|iPhoneSimulator
		{C7D8AB96-2D16-4C39-90F9-CF257300CBE6}.AppStore|ARM64.ActiveCfg = Debug|iPhoneSimulator
		{C7D8AB96-2D16-4C39-90F9-CF257300CBE6}.AppStore|ARM64.Build.0 = Debug|iPhoneSimulator
		{C7D8AB96-2D16-4C39-90F9-CF257300CBE6}.AppStore|iPhone.ActiveCfg = Debug|iPhoneSimulator
		{C7D8AB96-2D16-4C39-90F9-CF257300CBE6}.AppStore|iPhone.Build.0 = Debug|iPhoneSimulator
		{C7D8AB96-2D16-4C39-90F9-CF257300CBE6}.AppStore|iPhoneSimulator.ActiveCfg = Debug|iPhoneSimulator
		{C7D8AB96-2D16-4C39-90F9-CF257300CBE6}.AppStore|iPhoneSimulator.Build.0 = Debug|iPhoneSimulator
		{C7D8AB96-2D16-4C39-90F9-CF257300CBE6}.AppStore|x64.ActiveCfg = Debug|iPhoneSimulator
		{C7D8AB96-2D16-4C39-90F9-CF257300CBE6}.AppStore|x64.Build.0 = Debug|iPhoneSimulator
		{C7D8AB96-2D16-4C39-90F9-CF257300CBE6}.AppStore|x86.ActiveCfg = Debug|iPhoneSimulator
		{C7D8AB96-2D16-4C39-90F9-CF257300CBE6}.AppStore|x86.Build.0 = Debug|iPhoneSimulator
		{C7D8AB96-2D16-4C39-90F9-CF257300CBE6}.Debug|Any CPU.ActiveCfg = Debug|iPhoneSimulator
		{C7D8AB96-2D16-4C39-90F9-CF257300CBE6}.Debug|ARM.ActiveCfg = Debug|iPhoneSimulator
		{C7D8AB96-2D16-4C39-90F9-CF257300CBE6}.Debug|ARM64.ActiveCfg = Debug|iPhoneSimulator
		{C7D8AB96-2D16-4C39-90F9-CF257300CBE6}.Debug|iPhone.ActiveCfg = Debug|iPhoneSimulator
		{C7D8AB96-2D16-4C39-90F9-CF257300CBE6}.Debug|iPhoneSimulator.ActiveCfg = Debug|iPhoneSimulator
		{C7D8AB96-2D16-4C39-90F9-CF257300CBE6}.Debug|iPhoneSimulator.Build.0 = Debug|iPhoneSimulator
		{C7D8AB96-2D16-4C39-90F9-CF257300CBE6}.Debug|x64.ActiveCfg = Debug|iPhoneSimulator
		{C7D8AB96-2D16-4C39-90F9-CF257300CBE6}.Debug|x86.ActiveCfg = Debug|iPhoneSimulator
		{C7D8AB96-2D16-4C39-90F9-CF257300CBE6}.Release|Any CPU.ActiveCfg = Release|iPhoneSimulator
		{C7D8AB96-2D16-4C39-90F9-CF257300CBE6}.Release|ARM.ActiveCfg = Release|iPhoneSimulator
		{C7D8AB96-2D16-4C39-90F9-CF257300CBE6}.Release|ARM64.ActiveCfg = Release|iPhoneSimulator
		{C7D8AB96-2D16-4C39-90F9-CF257300CBE6}.Release|iPhone.ActiveCfg = Release|iPhoneSimulator
		{C7D8AB96-2D16-4C39-90F9-CF257300CBE6}.Release|iPhoneSimulator.ActiveCfg = Release|iPhoneSimulator
		{C7D8AB96-2D16-4C39-90F9-CF257300CBE6}.Release|iPhoneSimulator.Build.0 = Release|iPhoneSimulator
		{C7D8AB96-2D16-4C39-90F9-CF257300CBE6}.Release|x64.ActiveCfg = Release|iPhoneSimulator
		{C7D8AB96-2D16-4C39-90F9-CF257300CBE6}.Release|x86.ActiveCfg = Release|iPhoneSimulator
		{9DB65E77-BAE3-43B5-9464-3456E98CA175}.Ad-Hoc|Any CPU.ActiveCfg = Debug|Any CPU
		{9DB65E77-BAE3-43B5-9464-3456E98CA175}.Ad-Hoc|Any CPU.Build.0 = Debug|Any CPU
		{9DB65E77-BAE3-43B5-9464-3456E98CA175}.Ad-Hoc|ARM.ActiveCfg = Debug|Any CPU
		{9DB65E77-BAE3-43B5-9464-3456E98CA175}.Ad-Hoc|ARM.Build.0 = Debug|Any CPU
		{9DB65E77-BAE3-43B5-9464-3456E98CA175}.Ad-Hoc|ARM64.ActiveCfg = Debug|Any CPU
		{9DB65E77-BAE3-43B5-9464-3456E98CA175}.Ad-Hoc|ARM64.Build.0 = Debug|Any CPU
		{9DB65E77-BAE3-43B5-9464-3456E98CA175}.Ad-Hoc|iPhone.ActiveCfg = Debug|Any CPU
		{9DB65E77-BAE3-43B5-9464-3456E98CA175}.Ad-Hoc|iPhone.Build.0 = Debug|Any CPU
		{9DB65E77-BAE3-43B5-9464-3456E98CA175}.Ad-Hoc|iPhoneSimulator.ActiveCfg = Debug|Any CPU
		{9DB65E77-BAE3-43B5-9464-3456E98CA175}.Ad-Hoc|iPhoneSimulator.Build.0 = Debug|Any CPU
		{9DB65E77-BAE3-43B5-9464-3456E98CA175}.Ad-Hoc|x64.ActiveCfg = Debug|Any CPU
		{9DB65E77-BAE3-43B5-9464-3456E98CA175}.Ad-Hoc|x64.Build.0 = Debug|Any CPU
		{9DB65E77-BAE3-43B5-9464-3456E98CA175}.Ad-Hoc|x86.ActiveCfg = Debug|Any CPU
		{9DB65E77-BAE3-43B5-9464-3456E98CA175}.Ad-Hoc|x86.Build.0 = Debug|Any CPU
		{9DB65E77-BAE3-43B5-9464-3456E98CA175}.AppStore|Any CPU.ActiveCfg = Debug|Any CPU
		{9DB65E77-BAE3-43B5-9464-3456E98CA175}.AppStore|Any CPU.Build.0 = Debug|Any CPU
		{9DB65E77-BAE3-43B5-9464-3456E98CA175}.AppStore|ARM.ActiveCfg = Debug|Any CPU
		{9DB65E77-BAE3-43B5-9464-3456E98CA175}.AppStore|ARM.Build.0 = Debug|Any CPU
		{9DB65E77-BAE3-43B5-9464-3456E98CA175}.AppStore|ARM64.ActiveCfg = Debug|Any CPU
		{9DB65E77-BAE3-43B5-9464-3456E98CA175}.AppStore|ARM64.Build.0 = Debug|Any CPU
		{9DB65E77-BAE3-43B5-9464-3456E98CA175}.AppStore|iPhone.ActiveCfg = Debug|Any CPU
		{9DB65E77-BAE3-43B5-9464-3456E98CA175}.AppStore|iPhone.Build.0 = Debug|Any CPU
		{9DB65E77-BAE3-43B5-9464-3456E98CA175}.AppStore|iPhoneSimulator.ActiveCfg = Debug|Any CPU
		{9DB65E77-BAE3-43B5-9464-3456E98CA175}.AppStore|iPhoneSimulator.Build.0 = Debug|Any CPU
		{9DB65E77-BAE3-43B5-9464-3456E98CA175}.AppStore|x64.ActiveCfg = Debug|Any CPU
		{9DB65E77-BAE3-43B5-9464-3456E98CA175}.AppStore|x64.Build.0 = Debug|Any CPU
		{9DB65E77-BAE3-43B5-9464-3456E98CA175}.AppStore|x86.ActiveCfg = Debug|Any CPU
		{9DB65E77-BAE3-43B5-9464-3456E98CA175}.AppStore|x86.Build.0 = Debug|Any CPU
		{9DB65E77-BAE3-43B5-9464-3456E98CA175}.Debug|Any CPU.ActiveCfg = Debug|Any CPU
		{9DB65E77-BAE3-43B5-9464-3456E98CA175}.Debug|Any CPU.Build.0 = Debug|Any CPU
		{9DB65E77-BAE3-43B5-9464-3456E98CA175}.Debug|ARM.ActiveCfg = Debug|Any CPU
		{9DB65E77-BAE3-43B5-9464-3456E98CA175}.Debug|ARM.Build.0 = Debug|Any CPU
		{9DB65E77-BAE3-43B5-9464-3456E98CA175}.Debug|ARM64.ActiveCfg = Debug|Any CPU
		{9DB65E77-BAE3-43B5-9464-3456E98CA175}.Debug|ARM64.Build.0 = Debug|Any CPU
		{9DB65E77-BAE3-43B5-9464-3456E98CA175}.Debug|iPhone.ActiveCfg = Debug|Any CPU
		{9DB65E77-BAE3-43B5-9464-3456E98CA175}.Debug|iPhone.Build.0 = Debug|Any CPU
		{9DB65E77-BAE3-43B5-9464-3456E98CA175}.Debug|iPhoneSimulator.ActiveCfg = Debug|Any CPU
		{9DB65E77-BAE3-43B5-9464-3456E98CA175}.Debug|iPhoneSimulator.Build.0 = Debug|Any CPU
		{9DB65E77-BAE3-43B5-9464-3456E98CA175}.Debug|x64.ActiveCfg = Debug|Any CPU
		{9DB65E77-BAE3-43B5-9464-3456E98CA175}.Debug|x64.Build.0 = Debug|Any CPU
		{9DB65E77-BAE3-43B5-9464-3456E98CA175}.Debug|x86.ActiveCfg = Debug|Any CPU
		{9DB65E77-BAE3-43B5-9464-3456E98CA175}.Debug|x86.Build.0 = Debug|Any CPU
		{9DB65E77-BAE3-43B5-9464-3456E98CA175}.Release|Any CPU.ActiveCfg = Release|Any CPU
		{9DB65E77-BAE3-43B5-9464-3456E98CA175}.Release|Any CPU.Build.0 = Release|Any CPU
		{9DB65E77-BAE3-43B5-9464-3456E98CA175}.Release|ARM.ActiveCfg = Release|Any CPU
		{9DB65E77-BAE3-43B5-9464-3456E98CA175}.Release|ARM.Build.0 = Release|Any CPU
		{9DB65E77-BAE3-43B5-9464-3456E98CA175}.Release|ARM64.ActiveCfg = Release|Any CPU
		{9DB65E77-BAE3-43B5-9464-3456E98CA175}.Release|ARM64.Build.0 = Release|Any CPU
		{9DB65E77-BAE3-43B5-9464-3456E98CA175}.Release|iPhone.ActiveCfg = Release|Any CPU
		{9DB65E77-BAE3-43B5-9464-3456E98CA175}.Release|iPhone.Build.0 = Release|Any CPU
		{9DB65E77-BAE3-43B5-9464-3456E98CA175}.Release|iPhoneSimulator.ActiveCfg = Release|Any CPU
		{9DB65E77-BAE3-43B5-9464-3456E98CA175}.Release|iPhoneSimulator.Build.0 = Release|Any CPU
		{9DB65E77-BAE3-43B5-9464-3456E98CA175}.Release|x64.ActiveCfg = Release|Any CPU
		{9DB65E77-BAE3-43B5-9464-3456E98CA175}.Release|x64.Build.0 = Release|Any CPU
		{9DB65E77-BAE3-43B5-9464-3456E98CA175}.Release|x86.ActiveCfg = Release|Any CPU
		{9DB65E77-BAE3-43B5-9464-3456E98CA175}.Release|x86.Build.0 = Release|Any CPU
		{3547D851-06B7-446B-9885-4D1A89262FFA}.Ad-Hoc|Any CPU.ActiveCfg = Debug|Any CPU
		{3547D851-06B7-446B-9885-4D1A89262FFA}.Ad-Hoc|Any CPU.Build.0 = Debug|Any CPU
		{3547D851-06B7-446B-9885-4D1A89262FFA}.Ad-Hoc|ARM.ActiveCfg = Debug|Any CPU
		{3547D851-06B7-446B-9885-4D1A89262FFA}.Ad-Hoc|ARM.Build.0 = Debug|Any CPU
		{3547D851-06B7-446B-9885-4D1A89262FFA}.Ad-Hoc|ARM64.ActiveCfg = Debug|Any CPU
		{3547D851-06B7-446B-9885-4D1A89262FFA}.Ad-Hoc|ARM64.Build.0 = Debug|Any CPU
		{3547D851-06B7-446B-9885-4D1A89262FFA}.Ad-Hoc|iPhone.ActiveCfg = Debug|Any CPU
		{3547D851-06B7-446B-9885-4D1A89262FFA}.Ad-Hoc|iPhone.Build.0 = Debug|Any CPU
		{3547D851-06B7-446B-9885-4D1A89262FFA}.Ad-Hoc|iPhoneSimulator.ActiveCfg = Debug|Any CPU
		{3547D851-06B7-446B-9885-4D1A89262FFA}.Ad-Hoc|iPhoneSimulator.Build.0 = Debug|Any CPU
		{3547D851-06B7-446B-9885-4D1A89262FFA}.Ad-Hoc|x64.ActiveCfg = Debug|Any CPU
		{3547D851-06B7-446B-9885-4D1A89262FFA}.Ad-Hoc|x64.Build.0 = Debug|Any CPU
		{3547D851-06B7-446B-9885-4D1A89262FFA}.Ad-Hoc|x86.ActiveCfg = Debug|Any CPU
		{3547D851-06B7-446B-9885-4D1A89262FFA}.Ad-Hoc|x86.Build.0 = Debug|Any CPU
		{3547D851-06B7-446B-9885-4D1A89262FFA}.AppStore|Any CPU.ActiveCfg = Debug|Any CPU
		{3547D851-06B7-446B-9885-4D1A89262FFA}.AppStore|Any CPU.Build.0 = Debug|Any CPU
		{3547D851-06B7-446B-9885-4D1A89262FFA}.AppStore|ARM.ActiveCfg = Debug|Any CPU
		{3547D851-06B7-446B-9885-4D1A89262FFA}.AppStore|ARM.Build.0 = Debug|Any CPU
		{3547D851-06B7-446B-9885-4D1A89262FFA}.AppStore|ARM64.ActiveCfg = Debug|Any CPU
		{3547D851-06B7-446B-9885-4D1A89262FFA}.AppStore|ARM64.Build.0 = Debug|Any CPU
		{3547D851-06B7-446B-9885-4D1A89262FFA}.AppStore|iPhone.ActiveCfg = Debug|Any CPU
		{3547D851-06B7-446B-9885-4D1A89262FFA}.AppStore|iPhone.Build.0 = Debug|Any CPU
		{3547D851-06B7-446B-9885-4D1A89262FFA}.AppStore|iPhoneSimulator.ActiveCfg = Debug|Any CPU
		{3547D851-06B7-446B-9885-4D1A89262FFA}.AppStore|iPhoneSimulator.Build.0 = Debug|Any CPU
		{3547D851-06B7-446B-9885-4D1A89262FFA}.AppStore|x64.ActiveCfg = Debug|Any CPU
		{3547D851-06B7-446B-9885-4D1A89262FFA}.AppStore|x64.Build.0 = Debug|Any CPU
		{3547D851-06B7-446B-9885-4D1A89262FFA}.AppStore|x86.ActiveCfg = Debug|Any CPU
		{3547D851-06B7-446B-9885-4D1A89262FFA}.AppStore|x86.Build.0 = Debug|Any CPU
		{3547D851-06B7-446B-9885-4D1A89262FFA}.Debug|Any CPU.ActiveCfg = Debug|Any CPU
		{3547D851-06B7-446B-9885-4D1A89262FFA}.Debug|Any CPU.Build.0 = Debug|Any CPU
		{3547D851-06B7-446B-9885-4D1A89262FFA}.Debug|ARM.ActiveCfg = Debug|Any CPU
		{3547D851-06B7-446B-9885-4D1A89262FFA}.Debug|ARM.Build.0 = Debug|Any CPU
		{3547D851-06B7-446B-9885-4D1A89262FFA}.Debug|ARM64.ActiveCfg = Debug|Any CPU
		{3547D851-06B7-446B-9885-4D1A89262FFA}.Debug|ARM64.Build.0 = Debug|Any CPU
		{3547D851-06B7-446B-9885-4D1A89262FFA}.Debug|iPhone.ActiveCfg = Debug|Any CPU
		{3547D851-06B7-446B-9885-4D1A89262FFA}.Debug|iPhone.Build.0 = Debug|Any CPU
		{3547D851-06B7-446B-9885-4D1A89262FFA}.Debug|iPhoneSimulator.ActiveCfg = Debug|Any CPU
		{3547D851-06B7-446B-9885-4D1A89262FFA}.Debug|iPhoneSimulator.Build.0 = Debug|Any CPU
		{3547D851-06B7-446B-9885-4D1A89262FFA}.Debug|x64.ActiveCfg = Debug|Any CPU
		{3547D851-06B7-446B-9885-4D1A89262FFA}.Debug|x64.Build.0 = Debug|Any CPU
		{3547D851-06B7-446B-9885-4D1A89262FFA}.Debug|x86.ActiveCfg = Debug|Any CPU
		{3547D851-06B7-446B-9885-4D1A89262FFA}.Debug|x86.Build.0 = Debug|Any CPU
		{3547D851-06B7-446B-9885-4D1A89262FFA}.Release|Any CPU.ActiveCfg = Release|Any CPU
		{3547D851-06B7-446B-9885-4D1A89262FFA}.Release|Any CPU.Build.0 = Release|Any CPU
		{3547D851-06B7-446B-9885-4D1A89262FFA}.Release|ARM.ActiveCfg = Release|Any CPU
		{3547D851-06B7-446B-9885-4D1A89262FFA}.Release|ARM.Build.0 = Release|Any CPU
		{3547D851-06B7-446B-9885-4D1A89262FFA}.Release|ARM64.ActiveCfg = Release|Any CPU
		{3547D851-06B7-446B-9885-4D1A89262FFA}.Release|ARM64.Build.0 = Release|Any CPU
		{3547D851-06B7-446B-9885-4D1A89262FFA}.Release|iPhone.ActiveCfg = Release|Any CPU
		{3547D851-06B7-446B-9885-4D1A89262FFA}.Release|iPhone.Build.0 = Release|Any CPU
		{3547D851-06B7-446B-9885-4D1A89262FFA}.Release|iPhoneSimulator.ActiveCfg = Release|Any CPU
		{3547D851-06B7-446B-9885-4D1A89262FFA}.Release|iPhoneSimulator.Build.0 = Release|Any CPU
		{3547D851-06B7-446B-9885-4D1A89262FFA}.Release|x64.ActiveCfg = Release|Any CPU
		{3547D851-06B7-446B-9885-4D1A89262FFA}.Release|x64.Build.0 = Release|Any CPU
		{3547D851-06B7-446B-9885-4D1A89262FFA}.Release|x86.ActiveCfg = Release|Any CPU
		{3547D851-06B7-446B-9885-4D1A89262FFA}.Release|x86.Build.0 = Release|Any CPU
		{D9E576A0-D7BD-4C43-B472-655037ED624A}.Ad-Hoc|Any CPU.ActiveCfg = Debug|Any CPU
		{D9E576A0-D7BD-4C43-B472-655037ED624A}.Ad-Hoc|Any CPU.Build.0 = Debug|Any CPU
		{D9E576A0-D7BD-4C43-B472-655037ED624A}.Ad-Hoc|ARM.ActiveCfg = Debug|Any CPU
		{D9E576A0-D7BD-4C43-B472-655037ED624A}.Ad-Hoc|ARM.Build.0 = Debug|Any CPU
		{D9E576A0-D7BD-4C43-B472-655037ED624A}.Ad-Hoc|ARM64.ActiveCfg = Debug|Any CPU
		{D9E576A0-D7BD-4C43-B472-655037ED624A}.Ad-Hoc|ARM64.Build.0 = Debug|Any CPU
		{D9E576A0-D7BD-4C43-B472-655037ED624A}.Ad-Hoc|iPhone.ActiveCfg = Debug|Any CPU
		{D9E576A0-D7BD-4C43-B472-655037ED624A}.Ad-Hoc|iPhone.Build.0 = Debug|Any CPU
		{D9E576A0-D7BD-4C43-B472-655037ED624A}.Ad-Hoc|iPhoneSimulator.ActiveCfg = Debug|Any CPU
		{D9E576A0-D7BD-4C43-B472-655037ED624A}.Ad-Hoc|iPhoneSimulator.Build.0 = Debug|Any CPU
		{D9E576A0-D7BD-4C43-B472-655037ED624A}.Ad-Hoc|x64.ActiveCfg = Debug|Any CPU
		{D9E576A0-D7BD-4C43-B472-655037ED624A}.Ad-Hoc|x64.Build.0 = Debug|Any CPU
		{D9E576A0-D7BD-4C43-B472-655037ED624A}.Ad-Hoc|x86.ActiveCfg = Debug|Any CPU
		{D9E576A0-D7BD-4C43-B472-655037ED624A}.Ad-Hoc|x86.Build.0 = Debug|Any CPU
		{D9E576A0-D7BD-4C43-B472-655037ED624A}.AppStore|Any CPU.ActiveCfg = Debug|Any CPU
		{D9E576A0-D7BD-4C43-B472-655037ED624A}.AppStore|Any CPU.Build.0 = Debug|Any CPU
		{D9E576A0-D7BD-4C43-B472-655037ED624A}.AppStore|ARM.ActiveCfg = Debug|Any CPU
		{D9E576A0-D7BD-4C43-B472-655037ED624A}.AppStore|ARM.Build.0 = Debug|Any CPU
		{D9E576A0-D7BD-4C43-B472-655037ED624A}.AppStore|ARM64.ActiveCfg = Debug|Any CPU
		{D9E576A0-D7BD-4C43-B472-655037ED624A}.AppStore|ARM64.Build.0 = Debug|Any CPU
		{D9E576A0-D7BD-4C43-B472-655037ED624A}.AppStore|iPhone.ActiveCfg = Debug|Any CPU
		{D9E576A0-D7BD-4C43-B472-655037ED624A}.AppStore|iPhone.Build.0 = Debug|Any CPU
		{D9E576A0-D7BD-4C43-B472-655037ED624A}.AppStore|iPhoneSimulator.ActiveCfg = Debug|Any CPU
		{D9E576A0-D7BD-4C43-B472-655037ED624A}.AppStore|iPhoneSimulator.Build.0 = Debug|Any CPU
		{D9E576A0-D7BD-4C43-B472-655037ED624A}.AppStore|x64.ActiveCfg = Debug|Any CPU
		{D9E576A0-D7BD-4C43-B472-655037ED624A}.AppStore|x64.Build.0 = Debug|Any CPU
		{D9E576A0-D7BD-4C43-B472-655037ED624A}.AppStore|x86.ActiveCfg = Debug|Any CPU
		{D9E576A0-D7BD-4C43-B472-655037ED624A}.AppStore|x86.Build.0 = Debug|Any CPU
		{D9E576A0-D7BD-4C43-B472-655037ED624A}.Debug|Any CPU.ActiveCfg = Debug|Any CPU
		{D9E576A0-D7BD-4C43-B472-655037ED624A}.Debug|Any CPU.Build.0 = Debug|Any CPU
		{D9E576A0-D7BD-4C43-B472-655037ED624A}.Debug|ARM.ActiveCfg = Debug|Any CPU
		{D9E576A0-D7BD-4C43-B472-655037ED624A}.Debug|ARM.Build.0 = Debug|Any CPU
		{D9E576A0-D7BD-4C43-B472-655037ED624A}.Debug|ARM64.ActiveCfg = Debug|Any CPU
		{D9E576A0-D7BD-4C43-B472-655037ED624A}.Debug|ARM64.Build.0 = Debug|Any CPU
		{D9E576A0-D7BD-4C43-B472-655037ED624A}.Debug|iPhone.ActiveCfg = Debug|Any CPU
		{D9E576A0-D7BD-4C43-B472-655037ED624A}.Debug|iPhone.Build.0 = Debug|Any CPU
		{D9E576A0-D7BD-4C43-B472-655037ED624A}.Debug|iPhoneSimulator.ActiveCfg = Debug|Any CPU
		{D9E576A0-D7BD-4C43-B472-655037ED624A}.Debug|iPhoneSimulator.Build.0 = Debug|Any CPU
		{D9E576A0-D7BD-4C43-B472-655037ED624A}.Debug|x64.ActiveCfg = Debug|Any CPU
		{D9E576A0-D7BD-4C43-B472-655037ED624A}.Debug|x64.Build.0 = Debug|Any CPU
		{D9E576A0-D7BD-4C43-B472-655037ED624A}.Debug|x86.ActiveCfg = Debug|Any CPU
		{D9E576A0-D7BD-4C43-B472-655037ED624A}.Debug|x86.Build.0 = Debug|Any CPU
		{D9E576A0-D7BD-4C43-B472-655037ED624A}.Release|Any CPU.ActiveCfg = Release|Any CPU
		{D9E576A0-D7BD-4C43-B472-655037ED624A}.Release|Any CPU.Build.0 = Release|Any CPU
		{D9E576A0-D7BD-4C43-B472-655037ED624A}.Release|ARM.ActiveCfg = Release|Any CPU
		{D9E576A0-D7BD-4C43-B472-655037ED624A}.Release|ARM.Build.0 = Release|Any CPU
		{D9E576A0-D7BD-4C43-B472-655037ED624A}.Release|ARM64.ActiveCfg = Release|Any CPU
		{D9E576A0-D7BD-4C43-B472-655037ED624A}.Release|ARM64.Build.0 = Release|Any CPU
		{D9E576A0-D7BD-4C43-B472-655037ED624A}.Release|iPhone.ActiveCfg = Release|Any CPU
		{D9E576A0-D7BD-4C43-B472-655037ED624A}.Release|iPhone.Build.0 = Release|Any CPU
		{D9E576A0-D7BD-4C43-B472-655037ED624A}.Release|iPhoneSimulator.ActiveCfg = Release|Any CPU
		{D9E576A0-D7BD-4C43-B472-655037ED624A}.Release|iPhoneSimulator.Build.0 = Release|Any CPU
		{D9E576A0-D7BD-4C43-B472-655037ED624A}.Release|x64.ActiveCfg = Release|Any CPU
		{D9E576A0-D7BD-4C43-B472-655037ED624A}.Release|x64.Build.0 = Release|Any CPU
		{D9E576A0-D7BD-4C43-B472-655037ED624A}.Release|x86.ActiveCfg = Release|Any CPU
		{D9E576A0-D7BD-4C43-B472-655037ED624A}.Release|x86.Build.0 = Release|Any CPU
		{36F71DD5-BFB6-4FAA-A977-27452003D0DB}.Ad-Hoc|Any CPU.ActiveCfg = Debug|Any CPU
		{36F71DD5-BFB6-4FAA-A977-27452003D0DB}.Ad-Hoc|Any CPU.Build.0 = Debug|Any CPU
		{36F71DD5-BFB6-4FAA-A977-27452003D0DB}.Ad-Hoc|ARM.ActiveCfg = Debug|Any CPU
		{36F71DD5-BFB6-4FAA-A977-27452003D0DB}.Ad-Hoc|ARM.Build.0 = Debug|Any CPU
		{36F71DD5-BFB6-4FAA-A977-27452003D0DB}.Ad-Hoc|ARM64.ActiveCfg = Debug|Any CPU
		{36F71DD5-BFB6-4FAA-A977-27452003D0DB}.Ad-Hoc|ARM64.Build.0 = Debug|Any CPU
		{36F71DD5-BFB6-4FAA-A977-27452003D0DB}.Ad-Hoc|iPhone.ActiveCfg = Debug|Any CPU
		{36F71DD5-BFB6-4FAA-A977-27452003D0DB}.Ad-Hoc|iPhone.Build.0 = Debug|Any CPU
		{36F71DD5-BFB6-4FAA-A977-27452003D0DB}.Ad-Hoc|iPhoneSimulator.ActiveCfg = Debug|Any CPU
		{36F71DD5-BFB6-4FAA-A977-27452003D0DB}.Ad-Hoc|iPhoneSimulator.Build.0 = Debug|Any CPU
		{36F71DD5-BFB6-4FAA-A977-27452003D0DB}.Ad-Hoc|x64.ActiveCfg = Debug|Any CPU
		{36F71DD5-BFB6-4FAA-A977-27452003D0DB}.Ad-Hoc|x64.Build.0 = Debug|Any CPU
		{36F71DD5-BFB6-4FAA-A977-27452003D0DB}.Ad-Hoc|x86.ActiveCfg = Debug|Any CPU
		{36F71DD5-BFB6-4FAA-A977-27452003D0DB}.Ad-Hoc|x86.Build.0 = Debug|Any CPU
		{36F71DD5-BFB6-4FAA-A977-27452003D0DB}.AppStore|Any CPU.ActiveCfg = Debug|Any CPU
		{36F71DD5-BFB6-4FAA-A977-27452003D0DB}.AppStore|Any CPU.Build.0 = Debug|Any CPU
		{36F71DD5-BFB6-4FAA-A977-27452003D0DB}.AppStore|ARM.ActiveCfg = Debug|Any CPU
		{36F71DD5-BFB6-4FAA-A977-27452003D0DB}.AppStore|ARM.Build.0 = Debug|Any CPU
		{36F71DD5-BFB6-4FAA-A977-27452003D0DB}.AppStore|ARM64.ActiveCfg = Debug|Any CPU
		{36F71DD5-BFB6-4FAA-A977-27452003D0DB}.AppStore|ARM64.Build.0 = Debug|Any CPU
		{36F71DD5-BFB6-4FAA-A977-27452003D0DB}.AppStore|iPhone.ActiveCfg = Debug|Any CPU
		{36F71DD5-BFB6-4FAA-A977-27452003D0DB}.AppStore|iPhone.Build.0 = Debug|Any CPU
		{36F71DD5-BFB6-4FAA-A977-27452003D0DB}.AppStore|iPhoneSimulator.ActiveCfg = Debug|Any CPU
		{36F71DD5-BFB6-4FAA-A977-27452003D0DB}.AppStore|iPhoneSimulator.Build.0 = Debug|Any CPU
		{36F71DD5-BFB6-4FAA-A977-27452003D0DB}.AppStore|x64.ActiveCfg = Debug|Any CPU
		{36F71DD5-BFB6-4FAA-A977-27452003D0DB}.AppStore|x64.Build.0 = Debug|Any CPU
		{36F71DD5-BFB6-4FAA-A977-27452003D0DB}.AppStore|x86.ActiveCfg = Debug|Any CPU
		{36F71DD5-BFB6-4FAA-A977-27452003D0DB}.AppStore|x86.Build.0 = Debug|Any CPU
		{36F71DD5-BFB6-4FAA-A977-27452003D0DB}.Debug|Any CPU.ActiveCfg = Debug|Any CPU
		{36F71DD5-BFB6-4FAA-A977-27452003D0DB}.Debug|Any CPU.Build.0 = Debug|Any CPU
		{36F71DD5-BFB6-4FAA-A977-27452003D0DB}.Debug|ARM.ActiveCfg = Debug|Any CPU
		{36F71DD5-BFB6-4FAA-A977-27452003D0DB}.Debug|ARM.Build.0 = Debug|Any CPU
		{36F71DD5-BFB6-4FAA-A977-27452003D0DB}.Debug|ARM64.ActiveCfg = Debug|Any CPU
		{36F71DD5-BFB6-4FAA-A977-27452003D0DB}.Debug|ARM64.Build.0 = Debug|Any CPU
		{36F71DD5-BFB6-4FAA-A977-27452003D0DB}.Debug|iPhone.ActiveCfg = Debug|Any CPU
		{36F71DD5-BFB6-4FAA-A977-27452003D0DB}.Debug|iPhone.Build.0 = Debug|Any CPU
		{36F71DD5-BFB6-4FAA-A977-27452003D0DB}.Debug|iPhoneSimulator.ActiveCfg = Debug|Any CPU
		{36F71DD5-BFB6-4FAA-A977-27452003D0DB}.Debug|iPhoneSimulator.Build.0 = Debug|Any CPU
		{36F71DD5-BFB6-4FAA-A977-27452003D0DB}.Debug|x64.ActiveCfg = Debug|Any CPU
		{36F71DD5-BFB6-4FAA-A977-27452003D0DB}.Debug|x64.Build.0 = Debug|Any CPU
		{36F71DD5-BFB6-4FAA-A977-27452003D0DB}.Debug|x86.ActiveCfg = Debug|Any CPU
		{36F71DD5-BFB6-4FAA-A977-27452003D0DB}.Debug|x86.Build.0 = Debug|Any CPU
		{36F71DD5-BFB6-4FAA-A977-27452003D0DB}.Release|Any CPU.ActiveCfg = Release|Any CPU
		{36F71DD5-BFB6-4FAA-A977-27452003D0DB}.Release|Any CPU.Build.0 = Release|Any CPU
		{36F71DD5-BFB6-4FAA-A977-27452003D0DB}.Release|ARM.ActiveCfg = Release|Any CPU
		{36F71DD5-BFB6-4FAA-A977-27452003D0DB}.Release|ARM.Build.0 = Release|Any CPU
		{36F71DD5-BFB6-4FAA-A977-27452003D0DB}.Release|ARM64.ActiveCfg = Release|Any CPU
		{36F71DD5-BFB6-4FAA-A977-27452003D0DB}.Release|ARM64.Build.0 = Release|Any CPU
		{36F71DD5-BFB6-4FAA-A977-27452003D0DB}.Release|iPhone.ActiveCfg = Release|Any CPU
		{36F71DD5-BFB6-4FAA-A977-27452003D0DB}.Release|iPhone.Build.0 = Release|Any CPU
		{36F71DD5-BFB6-4FAA-A977-27452003D0DB}.Release|iPhoneSimulator.ActiveCfg = Release|Any CPU
		{36F71DD5-BFB6-4FAA-A977-27452003D0DB}.Release|iPhoneSimulator.Build.0 = Release|Any CPU
		{36F71DD5-BFB6-4FAA-A977-27452003D0DB}.Release|x64.ActiveCfg = Release|Any CPU
		{36F71DD5-BFB6-4FAA-A977-27452003D0DB}.Release|x64.Build.0 = Release|Any CPU
		{36F71DD5-BFB6-4FAA-A977-27452003D0DB}.Release|x86.ActiveCfg = Release|Any CPU
		{36F71DD5-BFB6-4FAA-A977-27452003D0DB}.Release|x86.Build.0 = Release|Any CPU
	EndGlobalSection
	GlobalSection(SolutionProperties) = preSolution
		HideSolutionNode = FALSE
	EndGlobalSection
	GlobalSection(NestedProjects) = preSolution
		{4D9B2123-0807-41EC-8CC9-598A04646A3A} = {126193F4-C1E3-4549-94CC-3A687A866283}
		{031BA316-BB5D-486C-8527-6C18F423474A} = {126193F4-C1E3-4549-94CC-3A687A866283}
		{8C2B7D63-94D0-440A-96E0-4A0067AAD849} = {126193F4-C1E3-4549-94CC-3A687A866283}
		{F3985513-F9D4-4E32-A505-E37A7229CE26} = {126193F4-C1E3-4549-94CC-3A687A866283}
		{C7D8AB96-2D16-4C39-90F9-CF257300CBE6} = {126193F4-C1E3-4549-94CC-3A687A866283}
		{9DB65E77-BAE3-43B5-9464-3456E98CA175} = {126193F4-C1E3-4549-94CC-3A687A866283}
		{3547D851-06B7-446B-9885-4D1A89262FFA} = {126193F4-C1E3-4549-94CC-3A687A866283}
		{D9E576A0-D7BD-4C43-B472-655037ED624A} = {126193F4-C1E3-4549-94CC-3A687A866283}
		{36F71DD5-BFB6-4FAA-A977-27452003D0DB} = {126193F4-C1E3-4549-94CC-3A687A866283}
	EndGlobalSection
	GlobalSection(ExtensibilityGlobals) = postSolution
		SolutionGuid = {95F89B1A-6394-4F13-B369-5E71897D31CD}
	EndGlobalSection
EndGlobal
